// !$*UTF8*$!
{
	archiveVersion = 1;
	classes = {
	};
	objectVersion = 46;
	objects = {

/* Begin PBXBuildFile section */
		6E0528D21B1653C400C50C5C /* Comments.swift in Sources */ = {isa = PBXBuildFile; fileRef = 6E0528D11B1653C400C50C5C /* Comments.swift */; };
		6E0912051B6D073D00333A9A /* UITextField+Extension.swift in Sources */ = {isa = PBXBuildFile; fileRef = 6E0912041B6D073D00333A9A /* UITextField+Extension.swift */; };
		6E0912071B6D5A1000333A9A /* Hashtag.swift in Sources */ = {isa = PBXBuildFile; fileRef = 6E0912061B6D5A1000333A9A /* Hashtag.swift */; };
		6E0E21681B279C870095D3A4 /* Settings.swift in Sources */ = {isa = PBXBuildFile; fileRef = 6E0E21671B279C870095D3A4 /* Settings.swift */; };
		6E15F1C91B5718E9009EA1B5 /* quem.png in Resources */ = {isa = PBXBuildFile; fileRef = 6E15F1C81B5718E9009EA1B5 /* quem.png */; };
		6E3480891B347D09003F0D6A /* AFHTTPRequestOperation.m in Sources */ = {isa = PBXBuildFile; fileRef = 6E3480631B347D09003F0D6A /* AFHTTPRequestOperation.m */; };
		6E34808A1B347D09003F0D6A /* AFHTTPRequestOperationManager.m in Sources */ = {isa = PBXBuildFile; fileRef = 6E3480651B347D09003F0D6A /* AFHTTPRequestOperationManager.m */; };
		6E34808B1B347D09003F0D6A /* AFHTTPSessionManager.m in Sources */ = {isa = PBXBuildFile; fileRef = 6E3480671B347D09003F0D6A /* AFHTTPSessionManager.m */; };
		6E34808C1B347D09003F0D6A /* AFNetworkReachabilityManager.m in Sources */ = {isa = PBXBuildFile; fileRef = 6E34806A1B347D09003F0D6A /* AFNetworkReachabilityManager.m */; };
		6E34808D1B347D09003F0D6A /* AFSecurityPolicy.m in Sources */ = {isa = PBXBuildFile; fileRef = 6E34806C1B347D09003F0D6A /* AFSecurityPolicy.m */; };
		6E34808E1B347D09003F0D6A /* AFURLConnectionOperation.m in Sources */ = {isa = PBXBuildFile; fileRef = 6E34806E1B347D09003F0D6A /* AFURLConnectionOperation.m */; };
		6E34808F1B347D09003F0D6A /* AFURLRequestSerialization.m in Sources */ = {isa = PBXBuildFile; fileRef = 6E3480701B347D09003F0D6A /* AFURLRequestSerialization.m */; };
		6E3480901B347D09003F0D6A /* AFURLResponseSerialization.m in Sources */ = {isa = PBXBuildFile; fileRef = 6E3480721B347D09003F0D6A /* AFURLResponseSerialization.m */; };
		6E3480911B347D09003F0D6A /* AFURLSessionManager.m in Sources */ = {isa = PBXBuildFile; fileRef = 6E3480741B347D09003F0D6A /* AFURLSessionManager.m */; };
		6E3480921B347D09003F0D6A /* LICENSE in Resources */ = {isa = PBXBuildFile; fileRef = 6E3480751B347D09003F0D6A /* LICENSE */; };
		6E3480941B347D09003F0D6A /* AFNetworkActivityIndicatorManager.m in Sources */ = {isa = PBXBuildFile; fileRef = 6E3480791B347D09003F0D6A /* AFNetworkActivityIndicatorManager.m */; };
		6E3480951B347D09003F0D6A /* UIActivityIndicatorView+AFNetworking.m in Sources */ = {isa = PBXBuildFile; fileRef = 6E34807B1B347D09003F0D6A /* UIActivityIndicatorView+AFNetworking.m */; };
		6E3480961B347D09003F0D6A /* UIAlertView+AFNetworking.m in Sources */ = {isa = PBXBuildFile; fileRef = 6E34807D1B347D09003F0D6A /* UIAlertView+AFNetworking.m */; };
		6E3480971B347D09003F0D6A /* UIButton+AFNetworking.m in Sources */ = {isa = PBXBuildFile; fileRef = 6E34807F1B347D09003F0D6A /* UIButton+AFNetworking.m */; };
		6E3480981B347D09003F0D6A /* UIImageView+AFNetworking.m in Sources */ = {isa = PBXBuildFile; fileRef = 6E3480811B347D09003F0D6A /* UIImageView+AFNetworking.m */; };
		6E3480991B347D09003F0D6A /* UIProgressView+AFNetworking.m in Sources */ = {isa = PBXBuildFile; fileRef = 6E3480841B347D09003F0D6A /* UIProgressView+AFNetworking.m */; };
		6E34809A1B347D09003F0D6A /* UIRefreshControl+AFNetworking.m in Sources */ = {isa = PBXBuildFile; fileRef = 6E3480861B347D09003F0D6A /* UIRefreshControl+AFNetworking.m */; };
		6E34809B1B347D09003F0D6A /* UIWebView+AFNetworking.m in Sources */ = {isa = PBXBuildFile; fileRef = 6E3480881B347D09003F0D6A /* UIWebView+AFNetworking.m */; };
		6E4F6B161B6C176A00CB775E /* BlockTableView.swift in Sources */ = {isa = PBXBuildFile; fileRef = 6E4F6B151B6C176A00CB775E /* BlockTableView.swift */; };
		6E5990041B1BA26D001D4016 /* LocationCollectionViewController.swift in Sources */ = {isa = PBXBuildFile; fileRef = 6E5990031B1BA26D001D4016 /* LocationCollectionViewController.swift */; };
		6E5990061B1BAA80001D4016 /* CollectionViewCell.swift in Sources */ = {isa = PBXBuildFile; fileRef = 6E5990051B1BAA80001D4016 /* CollectionViewCell.swift */; };
		6E6087221B28B11600B0AAD8 /* UserProfile.swift in Sources */ = {isa = PBXBuildFile; fileRef = 6E6087211B28B11600B0AAD8 /* UserProfile.swift */; };
		6E6BDA7A1B3E300500BF9FE2 /* Notifications.swift in Sources */ = {isa = PBXBuildFile; fileRef = 6E6BDA791B3E300500BF9FE2 /* Notifications.swift */; };
		6E7079601B2AF6E2006A2B24 /* Reachability.swift in Sources */ = {isa = PBXBuildFile; fileRef = 6E70795F1B2AF6E2006A2B24 /* Reachability.swift */; };
		6E76E75D1B40C34B0006AEC2 /* ChangePassword.swift in Sources */ = {isa = PBXBuildFile; fileRef = 6E76E75C1B40C34B0006AEC2 /* ChangePassword.swift */; };
		6E7F10AE1B3F724D00E27E27 /* ForgetMyPassword.swift in Sources */ = {isa = PBXBuildFile; fileRef = 6E7F10AD1B3F724D00E27E27 /* ForgetMyPassword.swift */; };
		6E872C341B166A4100EE0C08 /* Pods_Glimp.framework in Frameworks */ = {isa = PBXBuildFile; fileRef = 6E872C331B166A4100EE0C08 /* Pods_Glimp.framework */; settings = {ATTRIBUTES = (Weak, ); }; };
		6E88E98B1B42ADED00C29AF2 /* GoogleOpenSource.framework in Frameworks */ = {isa = PBXBuildFile; fileRef = 6E88E9881B42ADED00C29AF2 /* GoogleOpenSource.framework */; };
		6E88E98C1B42ADED00C29AF2 /* GooglePlus.bundle in Resources */ = {isa = PBXBuildFile; fileRef = 6E88E9891B42ADED00C29AF2 /* GooglePlus.bundle */; };
		6E88E98D1B42ADED00C29AF2 /* GooglePlus.framework in Frameworks */ = {isa = PBXBuildFile; fileRef = 6E88E98A1B42ADED00C29AF2 /* GooglePlus.framework */; };
		6E88E9911B42AEC800C29AF2 /* AddressBook.framework in Frameworks */ = {isa = PBXBuildFile; fileRef = 6E88E9901B42AEC800C29AF2 /* AddressBook.framework */; };
		6E88E9931B42AECE00C29AF2 /* UIKit.framework in Frameworks */ = {isa = PBXBuildFile; fileRef = 6E88E9921B42AECE00C29AF2 /* UIKit.framework */; };
		6E88E9951B42AED700C29AF2 /* SystemConfiguration.framework in Frameworks */ = {isa = PBXBuildFile; fileRef = 6E88E9941B42AED700C29AF2 /* SystemConfiguration.framework */; };
		6E88E9971B42AEDE00C29AF2 /* Security.framework in Frameworks */ = {isa = PBXBuildFile; fileRef = 6E88E9961B42AEDE00C29AF2 /* Security.framework */; };
		6E88E9991B42AEF900C29AF2 /* CoreMotion.framework in Frameworks */ = {isa = PBXBuildFile; fileRef = 6E88E9981B42AEF900C29AF2 /* CoreMotion.framework */; };
		6E92D9551B41F9DE0020C4CF /* Bolts.framework in Frameworks */ = {isa = PBXBuildFile; fileRef = 6E92D9521B41F9DE0020C4CF /* Bolts.framework */; };
		6E92D9561B41F9DE0020C4CF /* FBSDKCoreKit.framework in Frameworks */ = {isa = PBXBuildFile; fileRef = 6E92D9531B41F9DE0020C4CF /* FBSDKCoreKit.framework */; };
		6E92D9571B41F9DE0020C4CF /* FBSDKLoginKit.framework in Frameworks */ = {isa = PBXBuildFile; fileRef = 6E92D9541B41F9DE0020C4CF /* FBSDKLoginKit.framework */; };
		6EA803711B2F5A9800316620 /* imagePicker.swift in Sources */ = {isa = PBXBuildFile; fileRef = 6EA803701B2F5A9800316620 /* imagePicker.swift */; };
		6EC8BE7B1B0D213300F38728 /* Images.xcassets in Resources */ = {isa = PBXBuildFile; fileRef = 6EC8BE7A1B0D213300F38728 /* Images.xcassets */; };
		6EC8BEB51B0D215000F38728 /* video.mov in Resources */ = {isa = PBXBuildFile; fileRef = 6EC8BE971B0D215000F38728 /* video.mov */; };
		6EC8BEB61B0D215000F38728 /* AppDelegate.swift in Sources */ = {isa = PBXBuildFile; fileRef = 6EC8BE991B0D215000F38728 /* AppDelegate.swift */; };
		6EC8BEB71B0D215000F38728 /* AVCamPreviewView.swift in Sources */ = {isa = PBXBuildFile; fileRef = 6EC8BE9A1B0D215000F38728 /* AVCamPreviewView.swift */; };
		6EC8BEB81B0D215000F38728 /* Home.swift in Sources */ = {isa = PBXBuildFile; fileRef = 6EC8BE9B1B0D215000F38728 /* Home.swift */; };
		6EC8BEB91B0D215000F38728 /* Globe.swift in Sources */ = {isa = PBXBuildFile; fileRef = 6EC8BE9C1B0D215000F38728 /* Globe.swift */; };
		6EC8BEBA1B0D215000F38728 /* Profile.swift in Sources */ = {isa = PBXBuildFile; fileRef = 6EC8BE9D1B0D215000F38728 /* Profile.swift */; };
		6EC8BEBD1B0D215000F38728 /* Glimp.swift in Sources */ = {isa = PBXBuildFile; fileRef = 6EC8BEA01B0D215000F38728 /* Glimp.swift */; };
		6EC8BEBE1B0D215000F38728 /* GlimpPreview.swift in Sources */ = {isa = PBXBuildFile; fileRef = 6EC8BEA11B0D215000F38728 /* GlimpPreview.swift */; };
		6EC8BEC01B0D215000F38728 /* GlimpView.swift in Sources */ = {isa = PBXBuildFile; fileRef = 6EC8BEA31B0D215000F38728 /* GlimpView.swift */; };
		6EC8BEC11B0D215000F38728 /* LoginVC.swift in Sources */ = {isa = PBXBuildFile; fileRef = 6EC8BEA41B0D215000F38728 /* LoginVC.swift */; };
		6EC8BEC21B0D215000F38728 /* DataManager.swift in Sources */ = {isa = PBXBuildFile; fileRef = 6EC8BEA51B0D215000F38728 /* DataManager.swift */; };
		6EC8BEC31B0D215000F38728 /* Getter.swift in Sources */ = {isa = PBXBuildFile; fileRef = 6EC8BEA61B0D215000F38728 /* Getter.swift */; };
		6EC8BEC41B0D215000F38728 /* SignupVC.swift in Sources */ = {isa = PBXBuildFile; fileRef = 6EC8BEA71B0D215000F38728 /* SignupVC.swift */; };
		6EC8BEC51B0D215000F38728 /* Player.swift in Sources */ = {isa = PBXBuildFile; fileRef = 6EC8BEA81B0D215000F38728 /* Player.swift */; };
		6EC8BEC61B0D215000F38728 /* TestAnnotation.swift in Sources */ = {isa = PBXBuildFile; fileRef = 6EC8BEA91B0D215000F38728 /* TestAnnotation.swift */; };
		6EC8BECC1B0D215000F38728 /* marker.png in Resources */ = {isa = PBXBuildFile; fileRef = 6EC8BEAF1B0D215000F38728 /* marker.png */; };
		6EC8BECE1B0D215000F38728 /* marker1.png in Resources */ = {isa = PBXBuildFile; fileRef = 6EC8BEB11B0D215000F38728 /* marker1.png */; };
		6EC8BEFA1B0D218F00F38728 /* JPSThumbnailAnnotation.m in Sources */ = {isa = PBXBuildFile; fileRef = 6EC8BED41B0D218F00F38728 /* JPSThumbnailAnnotation.m */; };
		6EC8BEFB1B0D218F00F38728 /* JPSThumbnailAnnotationView.m in Sources */ = {isa = PBXBuildFile; fileRef = 6EC8BED61B0D218F00F38728 /* JPSThumbnailAnnotationView.m */; };
		6EC8BEFC1B0D218F00F38728 /* JPSThumnail.m in Sources */ = {isa = PBXBuildFile; fileRef = 6EC8BED71B0D218F00F38728 /* JPSThumnail.m */; };
		6EC8BEFD1B0D218F00F38728 /* RAMBounceAnimation.swift in Sources */ = {isa = PBXBuildFile; fileRef = 6EC8BEDB1B0D218F00F38728 /* RAMBounceAnimation.swift */; };
		6EC8BEFE1B0D218F00F38728 /* RAMFrameItemAnimation.swift in Sources */ = {isa = PBXBuildFile; fileRef = 6EC8BEDD1B0D218F00F38728 /* RAMFrameItemAnimation.swift */; };
		6EC8BEFF1B0D218F00F38728 /* RAMFumeAnimation.swift in Sources */ = {isa = PBXBuildFile; fileRef = 6EC8BEDF1B0D218F00F38728 /* RAMFumeAnimation.swift */; };
		6EC8BF001B0D218F00F38728 /* RAMRotationAnimation.swift in Sources */ = {isa = PBXBuildFile; fileRef = 6EC8BEE11B0D218F00F38728 /* RAMRotationAnimation.swift */; };
		6EC8BF011B0D218F00F38728 /* RAMTransitionItemAnimation.swift in Sources */ = {isa = PBXBuildFile; fileRef = 6EC8BEE31B0D218F00F38728 /* RAMTransitionItemAnimation.swift */; };
		6EC8BF031B0D218F00F38728 /* RAMAnimatedTabBarController.swift in Sources */ = {isa = PBXBuildFile; fileRef = 6EC8BEE51B0D218F00F38728 /* RAMAnimatedTabBarController.swift */; };
		6EC8BF041B0D218F00F38728 /* RAMItemAnimationProtocol.swift in Sources */ = {isa = PBXBuildFile; fileRef = 6EC8BEE61B0D218F00F38728 /* RAMItemAnimationProtocol.swift */; };
		6EC8BF051B0D218F00F38728 /* KPAnnotation.m in Sources */ = {isa = PBXBuildFile; fileRef = 6EC8BEEA1B0D218F00F38728 /* KPAnnotation.m */; };
		6EC8BF061B0D218F00F38728 /* KPAnnotationTree.m in Sources */ = {isa = PBXBuildFile; fileRef = 6EC8BEEC1B0D218F00F38728 /* KPAnnotationTree.m */; };
		6EC8BF071B0D218F00F38728 /* KPClusteringController.m in Sources */ = {isa = PBXBuildFile; fileRef = 6EC8BEF01B0D218F00F38728 /* KPClusteringController.m */; };
		6EC8BF081B0D218F00F38728 /* KPGridClusteringAlgorithm.m in Sources */ = {isa = PBXBuildFile; fileRef = 6EC8BEF31B0D218F00F38728 /* KPGridClusteringAlgorithm.m */; };
		6EC8BF091B0D218F00F38728 /* MKMapView+ZoomLevel.m in Sources */ = {isa = PBXBuildFile; fileRef = 6EC8BEF71B0D218F00F38728 /* MKMapView+ZoomLevel.m */; };
		6EC8BF0A1B0D218F00F38728 /* NSArray+KP.m in Sources */ = {isa = PBXBuildFile; fileRef = 6EC8BEF91B0D218F00F38728 /* NSArray+KP.m */; };
		6EC8BF551B0D269300F38728 /* Info.plist in Resources */ = {isa = PBXBuildFile; fileRef = 6EC8BF541B0D269300F38728 /* Info.plist */; };
		6ECF7D6A1B4821FF002A37C6 /* utils.swift in Sources */ = {isa = PBXBuildFile; fileRef = 6ECF7D691B4821FF002A37C6 /* utils.swift */; };
		6ECF7D6D1B4835AA002A37C6 /* BeatAnimator.swift in Sources */ = {isa = PBXBuildFile; fileRef = 6ECF7D6B1B4835AA002A37C6 /* BeatAnimator.swift */; };
		6ECF7D6E1B4835AA002A37C6 /* PacmanAnimator.swift in Sources */ = {isa = PBXBuildFile; fileRef = 6ECF7D6C1B4835AA002A37C6 /* PacmanAnimator.swift */; };
		6ECF7D7A1B48931A002A37C6 /* SwiftyTimer.swift in Sources */ = {isa = PBXBuildFile; fileRef = 6ECF7D791B48931A002A37C6 /* SwiftyTimer.swift */; };
		6ED022B91B43283900E0420E /* Instabug.bundle in Resources */ = {isa = PBXBuildFile; fileRef = 6ED022B61B43283900E0420E /* Instabug.bundle */; };
		6ED022BB1B432BF600E0420E /* AudioToolbox.framework in Frameworks */ = {isa = PBXBuildFile; fileRef = 6ED022BA1B432BF600E0420E /* AudioToolbox.framework */; };
		6ED022BD1B432C0700E0420E /* CoreGraphics.framework in Frameworks */ = {isa = PBXBuildFile; fileRef = 6ED022BC1B432C0700E0420E /* CoreGraphics.framework */; };
		6ED022BF1B432C1200E0420E /* CoreTelephony.framework in Frameworks */ = {isa = PBXBuildFile; fileRef = 6ED022BE1B432C1200E0420E /* CoreTelephony.framework */; };
		6ED022C11B432C1900E0420E /* Foundation.framework in Frameworks */ = {isa = PBXBuildFile; fileRef = 6ED022C01B432C1900E0420E /* Foundation.framework */; };
		6ED022C31B432C2100E0420E /* GLKit.framework in Frameworks */ = {isa = PBXBuildFile; fileRef = 6ED022C21B432C2100E0420E /* GLKit.framework */; };
		6ED022C51B432C2D00E0420E /* libc++.dylib in Frameworks */ = {isa = PBXBuildFile; fileRef = 6ED022C41B432C2D00E0420E /* libc++.dylib */; };
		6ED022C71B432C3700E0420E /* MessageUI.framework in Frameworks */ = {isa = PBXBuildFile; fileRef = 6ED022C61B432C3700E0420E /* MessageUI.framework */; };
		6ED022C91B432C3F00E0420E /* OpenGLES.framework in Frameworks */ = {isa = PBXBuildFile; fileRef = 6ED022C81B432C3F00E0420E /* OpenGLES.framework */; };
		6ED022CB1B432C4400E0420E /* QuartzCore.framework in Frameworks */ = {isa = PBXBuildFile; fileRef = 6ED022CA1B432C4400E0420E /* QuartzCore.framework */; };
		6ED1F73A1B47F6DA00B2A4B3 /* ProgressHUD.swift in Sources */ = {isa = PBXBuildFile; fileRef = 6ED1F7391B47F6DA00B2A4B3 /* ProgressHUD.swift */; };
		6EDD622F1B38456C004A5726 /* GlimS.swift in Sources */ = {isa = PBXBuildFile; fileRef = 6EDD622E1B38456C004A5726 /* GlimS.swift */; };
		6EDD62311B384A6E004A5726 /* Storyboard.storyboard in Resources */ = {isa = PBXBuildFile; fileRef = 6EDD62301B384A6E004A5726 /* Storyboard.storyboard */; };
		6EE6DEA71B4E9C7F007F121D /* SwiftyJSON.swift in Sources */ = {isa = PBXBuildFile; fileRef = 6EE6DEA61B4E9C7F007F121D /* SwiftyJSON.swift */; };
		6EE932281B3F2E3E00E52F63 /* CommentsNotif.swift in Sources */ = {isa = PBXBuildFile; fileRef = 6EE932271B3F2E3E00E52F63 /* CommentsNotif.swift */; };
		6EE9322A1B3F2FE400E52F63 /* UserProfileNotif.swift in Sources */ = {isa = PBXBuildFile; fileRef = 6EE932291B3F2FE400E52F63 /* UserProfileNotif.swift */; };
		6EE9322C1B3F4BF900E52F63 /* SFSwiftNotification.swift in Sources */ = {isa = PBXBuildFile; fileRef = 6EE9322B1B3F4BF900E52F63 /* SFSwiftNotification.swift */; };
		6EE9322E1B3F508C00E52F63 /* splash.mp3 in Resources */ = {isa = PBXBuildFile; fileRef = 6EE9322D1B3F508C00E52F63 /* splash.mp3 */; };
		6EF233891B71302F0083C754 /* Report.swift in Sources */ = {isa = PBXBuildFile; fileRef = 6EF233881B71302F0083C754 /* Report.swift */; };
		6EF2338B1B71321C0083C754 /* Reporter.swift in Sources */ = {isa = PBXBuildFile; fileRef = 6EF2338A1B71321C0083C754 /* Reporter.swift */; };
/* End PBXBuildFile section */

/* Begin PBXFileReference section */
		009E1EC5BCD743793E4C63A8 /* Pods-Glimp.debug.xcconfig */ = {isa = PBXFileReference; includeInIndex = 1; lastKnownFileType = text.xcconfig; name = "Pods-Glimp.debug.xcconfig"; path = "Pods/Target Support Files/Pods-Glimp/Pods-Glimp.debug.xcconfig"; sourceTree = "<group>"; };
		6E0528D11B1653C400C50C5C /* Comments.swift */ = {isa = PBXFileReference; fileEncoding = 4; lastKnownFileType = sourcecode.swift; path = Comments.swift; sourceTree = "<group>"; };
		6E0528DF1B16593F00C50C5C /* Haneke.framework */ = {isa = PBXFileReference; lastKnownFileType = wrapper.framework; name = Haneke.framework; path = "Pods/../build/Debug-iphoneos/Pods-Glimp/Haneke.framework"; sourceTree = "<group>"; };
		6E0912041B6D073D00333A9A /* UITextField+Extension.swift */ = {isa = PBXFileReference; fileEncoding = 4; lastKnownFileType = sourcecode.swift; path = "UITextField+Extension.swift"; sourceTree = "<group>"; };
		6E0912061B6D5A1000333A9A /* Hashtag.swift */ = {isa = PBXFileReference; fileEncoding = 4; lastKnownFileType = sourcecode.swift; path = Hashtag.swift; sourceTree = "<group>"; };
		6E0E21671B279C870095D3A4 /* Settings.swift */ = {isa = PBXFileReference; fileEncoding = 4; lastKnownFileType = sourcecode.swift; path = Settings.swift; sourceTree = "<group>"; };
		6E15F1C81B5718E9009EA1B5 /* quem.png */ = {isa = PBXFileReference; lastKnownFileType = image.png; path = quem.png; sourceTree = "<group>"; };
		6E3480621B347D09003F0D6A /* AFHTTPRequestOperation.h */ = {isa = PBXFileReference; fileEncoding = 4; lastKnownFileType = sourcecode.c.h; path = AFHTTPRequestOperation.h; sourceTree = "<group>"; };
		6E3480631B347D09003F0D6A /* AFHTTPRequestOperation.m */ = {isa = PBXFileReference; fileEncoding = 4; lastKnownFileType = sourcecode.c.objc; path = AFHTTPRequestOperation.m; sourceTree = "<group>"; };
		6E3480641B347D09003F0D6A /* AFHTTPRequestOperationManager.h */ = {isa = PBXFileReference; fileEncoding = 4; lastKnownFileType = sourcecode.c.h; path = AFHTTPRequestOperationManager.h; sourceTree = "<group>"; };
		6E3480651B347D09003F0D6A /* AFHTTPRequestOperationManager.m */ = {isa = PBXFileReference; fileEncoding = 4; lastKnownFileType = sourcecode.c.objc; path = AFHTTPRequestOperationManager.m; sourceTree = "<group>"; };
		6E3480661B347D09003F0D6A /* AFHTTPSessionManager.h */ = {isa = PBXFileReference; fileEncoding = 4; lastKnownFileType = sourcecode.c.h; path = AFHTTPSessionManager.h; sourceTree = "<group>"; };
		6E3480671B347D09003F0D6A /* AFHTTPSessionManager.m */ = {isa = PBXFileReference; fileEncoding = 4; lastKnownFileType = sourcecode.c.objc; path = AFHTTPSessionManager.m; sourceTree = "<group>"; };
		6E3480681B347D09003F0D6A /* AFNetworking.h */ = {isa = PBXFileReference; fileEncoding = 4; lastKnownFileType = sourcecode.c.h; path = AFNetworking.h; sourceTree = "<group>"; };
		6E3480691B347D09003F0D6A /* AFNetworkReachabilityManager.h */ = {isa = PBXFileReference; fileEncoding = 4; lastKnownFileType = sourcecode.c.h; path = AFNetworkReachabilityManager.h; sourceTree = "<group>"; };
		6E34806A1B347D09003F0D6A /* AFNetworkReachabilityManager.m */ = {isa = PBXFileReference; fileEncoding = 4; lastKnownFileType = sourcecode.c.objc; path = AFNetworkReachabilityManager.m; sourceTree = "<group>"; };
		6E34806B1B347D09003F0D6A /* AFSecurityPolicy.h */ = {isa = PBXFileReference; fileEncoding = 4; lastKnownFileType = sourcecode.c.h; path = AFSecurityPolicy.h; sourceTree = "<group>"; };
		6E34806C1B347D09003F0D6A /* AFSecurityPolicy.m */ = {isa = PBXFileReference; fileEncoding = 4; lastKnownFileType = sourcecode.c.objc; path = AFSecurityPolicy.m; sourceTree = "<group>"; };
		6E34806D1B347D09003F0D6A /* AFURLConnectionOperation.h */ = {isa = PBXFileReference; fileEncoding = 4; lastKnownFileType = sourcecode.c.h; path = AFURLConnectionOperation.h; sourceTree = "<group>"; };
		6E34806E1B347D09003F0D6A /* AFURLConnectionOperation.m */ = {isa = PBXFileReference; fileEncoding = 4; lastKnownFileType = sourcecode.c.objc; path = AFURLConnectionOperation.m; sourceTree = "<group>"; };
		6E34806F1B347D09003F0D6A /* AFURLRequestSerialization.h */ = {isa = PBXFileReference; fileEncoding = 4; lastKnownFileType = sourcecode.c.h; path = AFURLRequestSerialization.h; sourceTree = "<group>"; };
		6E3480701B347D09003F0D6A /* AFURLRequestSerialization.m */ = {isa = PBXFileReference; fileEncoding = 4; lastKnownFileType = sourcecode.c.objc; path = AFURLRequestSerialization.m; sourceTree = "<group>"; };
		6E3480711B347D09003F0D6A /* AFURLResponseSerialization.h */ = {isa = PBXFileReference; fileEncoding = 4; lastKnownFileType = sourcecode.c.h; path = AFURLResponseSerialization.h; sourceTree = "<group>"; };
		6E3480721B347D09003F0D6A /* AFURLResponseSerialization.m */ = {isa = PBXFileReference; fileEncoding = 4; lastKnownFileType = sourcecode.c.objc; path = AFURLResponseSerialization.m; sourceTree = "<group>"; };
		6E3480731B347D09003F0D6A /* AFURLSessionManager.h */ = {isa = PBXFileReference; fileEncoding = 4; lastKnownFileType = sourcecode.c.h; path = AFURLSessionManager.h; sourceTree = "<group>"; };
		6E3480741B347D09003F0D6A /* AFURLSessionManager.m */ = {isa = PBXFileReference; fileEncoding = 4; lastKnownFileType = sourcecode.c.objc; path = AFURLSessionManager.m; sourceTree = "<group>"; };
		6E3480751B347D09003F0D6A /* LICENSE */ = {isa = PBXFileReference; fileEncoding = 4; lastKnownFileType = text; path = LICENSE; sourceTree = "<group>"; };
		6E3480761B347D09003F0D6A /* README.md */ = {isa = PBXFileReference; fileEncoding = 4; lastKnownFileType = net.daringfireball.markdown; path = README.md; sourceTree = "<group>"; };
		6E3480781B347D09003F0D6A /* AFNetworkActivityIndicatorManager.h */ = {isa = PBXFileReference; fileEncoding = 4; lastKnownFileType = sourcecode.c.h; path = AFNetworkActivityIndicatorManager.h; sourceTree = "<group>"; };
		6E3480791B347D09003F0D6A /* AFNetworkActivityIndicatorManager.m */ = {isa = PBXFileReference; fileEncoding = 4; lastKnownFileType = sourcecode.c.objc; path = AFNetworkActivityIndicatorManager.m; sourceTree = "<group>"; };
		6E34807A1B347D09003F0D6A /* UIActivityIndicatorView+AFNetworking.h */ = {isa = PBXFileReference; fileEncoding = 4; lastKnownFileType = sourcecode.c.h; path = "UIActivityIndicatorView+AFNetworking.h"; sourceTree = "<group>"; };
		6E34807B1B347D09003F0D6A /* UIActivityIndicatorView+AFNetworking.m */ = {isa = PBXFileReference; fileEncoding = 4; lastKnownFileType = sourcecode.c.objc; path = "UIActivityIndicatorView+AFNetworking.m"; sourceTree = "<group>"; };
		6E34807C1B347D09003F0D6A /* UIAlertView+AFNetworking.h */ = {isa = PBXFileReference; fileEncoding = 4; lastKnownFileType = sourcecode.c.h; path = "UIAlertView+AFNetworking.h"; sourceTree = "<group>"; };
		6E34807D1B347D09003F0D6A /* UIAlertView+AFNetworking.m */ = {isa = PBXFileReference; fileEncoding = 4; lastKnownFileType = sourcecode.c.objc; path = "UIAlertView+AFNetworking.m"; sourceTree = "<group>"; };
		6E34807E1B347D09003F0D6A /* UIButton+AFNetworking.h */ = {isa = PBXFileReference; fileEncoding = 4; lastKnownFileType = sourcecode.c.h; path = "UIButton+AFNetworking.h"; sourceTree = "<group>"; };
		6E34807F1B347D09003F0D6A /* UIButton+AFNetworking.m */ = {isa = PBXFileReference; fileEncoding = 4; lastKnownFileType = sourcecode.c.objc; path = "UIButton+AFNetworking.m"; sourceTree = "<group>"; };
		6E3480801B347D09003F0D6A /* UIImageView+AFNetworking.h */ = {isa = PBXFileReference; fileEncoding = 4; lastKnownFileType = sourcecode.c.h; path = "UIImageView+AFNetworking.h"; sourceTree = "<group>"; };
		6E3480811B347D09003F0D6A /* UIImageView+AFNetworking.m */ = {isa = PBXFileReference; fileEncoding = 4; lastKnownFileType = sourcecode.c.objc; path = "UIImageView+AFNetworking.m"; sourceTree = "<group>"; };
		6E3480821B347D09003F0D6A /* UIKit+AFNetworking.h */ = {isa = PBXFileReference; fileEncoding = 4; lastKnownFileType = sourcecode.c.h; path = "UIKit+AFNetworking.h"; sourceTree = "<group>"; };
		6E3480831B347D09003F0D6A /* UIProgressView+AFNetworking.h */ = {isa = PBXFileReference; fileEncoding = 4; lastKnownFileType = sourcecode.c.h; path = "UIProgressView+AFNetworking.h"; sourceTree = "<group>"; };
		6E3480841B347D09003F0D6A /* UIProgressView+AFNetworking.m */ = {isa = PBXFileReference; fileEncoding = 4; lastKnownFileType = sourcecode.c.objc; path = "UIProgressView+AFNetworking.m"; sourceTree = "<group>"; };
		6E3480851B347D09003F0D6A /* UIRefreshControl+AFNetworking.h */ = {isa = PBXFileReference; fileEncoding = 4; lastKnownFileType = sourcecode.c.h; path = "UIRefreshControl+AFNetworking.h"; sourceTree = "<group>"; };
		6E3480861B347D09003F0D6A /* UIRefreshControl+AFNetworking.m */ = {isa = PBXFileReference; fileEncoding = 4; lastKnownFileType = sourcecode.c.objc; path = "UIRefreshControl+AFNetworking.m"; sourceTree = "<group>"; };
		6E3480871B347D09003F0D6A /* UIWebView+AFNetworking.h */ = {isa = PBXFileReference; fileEncoding = 4; lastKnownFileType = sourcecode.c.h; path = "UIWebView+AFNetworking.h"; sourceTree = "<group>"; };
		6E3480881B347D09003F0D6A /* UIWebView+AFNetworking.m */ = {isa = PBXFileReference; fileEncoding = 4; lastKnownFileType = sourcecode.c.objc; path = "UIWebView+AFNetworking.m"; sourceTree = "<group>"; };
		6E4F6B151B6C176A00CB775E /* BlockTableView.swift */ = {isa = PBXFileReference; fileEncoding = 4; lastKnownFileType = sourcecode.swift; path = BlockTableView.swift; sourceTree = "<group>"; };
		6E5990031B1BA26D001D4016 /* LocationCollectionViewController.swift */ = {isa = PBXFileReference; fileEncoding = 4; lastKnownFileType = sourcecode.swift; path = LocationCollectionViewController.swift; sourceTree = "<group>"; };
		6E5990051B1BAA80001D4016 /* CollectionViewCell.swift */ = {isa = PBXFileReference; fileEncoding = 4; lastKnownFileType = sourcecode.swift; path = CollectionViewCell.swift; sourceTree = "<group>"; };
		6E6087211B28B11600B0AAD8 /* UserProfile.swift */ = {isa = PBXFileReference; fileEncoding = 4; lastKnownFileType = sourcecode.swift; path = UserProfile.swift; sourceTree = "<group>"; };
		6E6BDA791B3E300500BF9FE2 /* Notifications.swift */ = {isa = PBXFileReference; fileEncoding = 4; lastKnownFileType = sourcecode.swift; path = Notifications.swift; sourceTree = "<group>"; };
		6E6E367C1B10DC6300B07A65 /* MyriadPro-Bold.otf */ = {isa = PBXFileReference; lastKnownFileType = file; path = "MyriadPro-Bold.otf"; sourceTree = "<group>"; };
		6E6E367D1B10DC6300B07A65 /* MyriadPro-BoldCond.otf */ = {isa = PBXFileReference; lastKnownFileType = file; path = "MyriadPro-BoldCond.otf"; sourceTree = "<group>"; };
		6E6E367E1B10DC6300B07A65 /* MyriadPro-BoldCondIt.otf */ = {isa = PBXFileReference; lastKnownFileType = file; path = "MyriadPro-BoldCondIt.otf"; sourceTree = "<group>"; };
		6E6E367F1B10DC6300B07A65 /* MyriadPro-BoldIt.otf */ = {isa = PBXFileReference; lastKnownFileType = file; path = "MyriadPro-BoldIt.otf"; sourceTree = "<group>"; };
		6E6E36801B10DC6300B07A65 /* MyriadPro-Cond.otf */ = {isa = PBXFileReference; lastKnownFileType = file; path = "MyriadPro-Cond.otf"; sourceTree = "<group>"; };
		6E6E36811B10DC6300B07A65 /* MyriadPro-CondIt.otf */ = {isa = PBXFileReference; lastKnownFileType = file; path = "MyriadPro-CondIt.otf"; sourceTree = "<group>"; };
		6E6E36821B10DC6300B07A65 /* MyriadPro-It.otf */ = {isa = PBXFileReference; lastKnownFileType = file; path = "MyriadPro-It.otf"; sourceTree = "<group>"; };
		6E6E36831B10DC6300B07A65 /* MyriadPro-Regular.otf */ = {isa = PBXFileReference; lastKnownFileType = file; path = "MyriadPro-Regular.otf"; sourceTree = "<group>"; };
		6E6E36841B10DC6300B07A65 /* MyriadPro-Semibold.otf */ = {isa = PBXFileReference; lastKnownFileType = file; path = "MyriadPro-Semibold.otf"; sourceTree = "<group>"; };
		6E6E36851B10DC6300B07A65 /* MyriadPro-SemiboldIt.otf */ = {isa = PBXFileReference; lastKnownFileType = file; path = "MyriadPro-SemiboldIt.otf"; sourceTree = "<group>"; };
		6E70795F1B2AF6E2006A2B24 /* Reachability.swift */ = {isa = PBXFileReference; fileEncoding = 4; lastKnownFileType = sourcecode.swift; path = Reachability.swift; sourceTree = "<group>"; };
		6E76E75C1B40C34B0006AEC2 /* ChangePassword.swift */ = {isa = PBXFileReference; fileEncoding = 4; lastKnownFileType = sourcecode.swift; path = ChangePassword.swift; sourceTree = "<group>"; };
		6E7F10AD1B3F724D00E27E27 /* ForgetMyPassword.swift */ = {isa = PBXFileReference; fileEncoding = 4; lastKnownFileType = sourcecode.swift; path = ForgetMyPassword.swift; sourceTree = "<group>"; };
		6E872C311B166A3A00EE0C08 /* Alamofire.framework */ = {isa = PBXFileReference; lastKnownFileType = wrapper.framework; name = Alamofire.framework; path = "Pods/../build/Debug-iphoneos/Pods-Glimp/Alamofire.framework"; sourceTree = "<group>"; };
		6E872C331B166A4100EE0C08 /* Pods_Glimp.framework */ = {isa = PBXFileReference; lastKnownFileType = wrapper.framework; name = Pods_Glimp.framework; path = "Pods/../build/Debug-iphoneos/Pods_Glimp.framework"; sourceTree = "<group>"; };
		6E88E9881B42ADED00C29AF2 /* GoogleOpenSource.framework */ = {isa = PBXFileReference; lastKnownFileType = wrapper.framework; path = GoogleOpenSource.framework; sourceTree = "<group>"; };
		6E88E9891B42ADED00C29AF2 /* GooglePlus.bundle */ = {isa = PBXFileReference; lastKnownFileType = "wrapper.plug-in"; path = GooglePlus.bundle; sourceTree = "<group>"; };
		6E88E98A1B42ADED00C29AF2 /* GooglePlus.framework */ = {isa = PBXFileReference; lastKnownFileType = wrapper.framework; path = GooglePlus.framework; sourceTree = "<group>"; };
		6E88E98E1B42AEBE00C29AF2 /* AddressBookUI.framework */ = {isa = PBXFileReference; lastKnownFileType = wrapper.framework; name = AddressBookUI.framework; path = System/Library/Frameworks/AddressBookUI.framework; sourceTree = SDKROOT; };
		6E88E9901B42AEC800C29AF2 /* AddressBook.framework */ = {isa = PBXFileReference; lastKnownFileType = wrapper.framework; name = AddressBook.framework; path = System/Library/Frameworks/AddressBook.framework; sourceTree = SDKROOT; };
		6E88E9921B42AECE00C29AF2 /* UIKit.framework */ = {isa = PBXFileReference; lastKnownFileType = wrapper.framework; name = UIKit.framework; path = System/Library/Frameworks/UIKit.framework; sourceTree = SDKROOT; };
		6E88E9941B42AED700C29AF2 /* SystemConfiguration.framework */ = {isa = PBXFileReference; lastKnownFileType = wrapper.framework; name = SystemConfiguration.framework; path = System/Library/Frameworks/SystemConfiguration.framework; sourceTree = SDKROOT; };
		6E88E9961B42AEDE00C29AF2 /* Security.framework */ = {isa = PBXFileReference; lastKnownFileType = wrapper.framework; name = Security.framework; path = System/Library/Frameworks/Security.framework; sourceTree = SDKROOT; };
		6E88E9981B42AEF900C29AF2 /* CoreMotion.framework */ = {isa = PBXFileReference; lastKnownFileType = wrapper.framework; name = CoreMotion.framework; path = System/Library/Frameworks/CoreMotion.framework; sourceTree = SDKROOT; };
		6E92D9521B41F9DE0020C4CF /* Bolts.framework */ = {isa = PBXFileReference; lastKnownFileType = wrapper.framework; path = Bolts.framework; sourceTree = "<group>"; };
		6E92D9531B41F9DE0020C4CF /* FBSDKCoreKit.framework */ = {isa = PBXFileReference; lastKnownFileType = wrapper.framework; path = FBSDKCoreKit.framework; sourceTree = "<group>"; };
		6E92D9541B41F9DE0020C4CF /* FBSDKLoginKit.framework */ = {isa = PBXFileReference; lastKnownFileType = wrapper.framework; path = FBSDKLoginKit.framework; sourceTree = "<group>"; };
		6EA803701B2F5A9800316620 /* imagePicker.swift */ = {isa = PBXFileReference; fileEncoding = 4; lastKnownFileType = sourcecode.swift; path = imagePicker.swift; sourceTree = "<group>"; };
		6EC4693E1B1660AC00585CD6 /* Pods_Glimp.framework */ = {isa = PBXFileReference; lastKnownFileType = wrapper.framework; name = Pods_Glimp.framework; path = "Pods/../build/Debug-iphoneos/Pods_Glimp.framework"; sourceTree = "<group>"; };
		6EC469401B16611E00585CD6 /* Alamofire.framework */ = {isa = PBXFileReference; lastKnownFileType = wrapper.framework; name = Alamofire.framework; path = "Pods/../build/Debug-iphoneos/Pods-Glimp/Alamofire.framework"; sourceTree = "<group>"; };
		6EC469421B16612500585CD6 /* Pods_Glimp.framework */ = {isa = PBXFileReference; lastKnownFileType = wrapper.framework; name = Pods_Glimp.framework; path = "Pods/../build/Debug-iphoneos/Pods_Glimp.framework"; sourceTree = "<group>"; };
		6EC8BE6C1B0D213300F38728 /* Glimp.app */ = {isa = PBXFileReference; explicitFileType = wrapper.application; includeInIndex = 0; path = Glimp.app; sourceTree = BUILT_PRODUCTS_DIR; };
		6EC8BE7A1B0D213300F38728 /* Images.xcassets */ = {isa = PBXFileReference; lastKnownFileType = folder.assetcatalog; path = Images.xcassets; sourceTree = "<group>"; };
		6EC8BE881B0D213300F38728 /* Info.plist */ = {isa = PBXFileReference; lastKnownFileType = text.plist.xml; path = Info.plist; sourceTree = "<group>"; };
		6EC8BE891B0D213300F38728 /* GlimpTests.swift */ = {isa = PBXFileReference; lastKnownFileType = sourcecode.swift; path = GlimpTests.swift; sourceTree = "<group>"; };
		6EC8BE971B0D215000F38728 /* video.mov */ = {isa = PBXFileReference; lastKnownFileType = video.quicktime; path = video.mov; sourceTree = "<group>"; };
		6EC8BE981B0D215000F38728 /* Bridging_Header.h */ = {isa = PBXFileReference; fileEncoding = 4; lastKnownFileType = sourcecode.c.h; path = Bridging_Header.h; sourceTree = "<group>"; };
		6EC8BE991B0D215000F38728 /* AppDelegate.swift */ = {isa = PBXFileReference; fileEncoding = 4; lastKnownFileType = sourcecode.swift; path = AppDelegate.swift; sourceTree = "<group>"; };
		6EC8BE9A1B0D215000F38728 /* AVCamPreviewView.swift */ = {isa = PBXFileReference; fileEncoding = 4; lastKnownFileType = sourcecode.swift; path = AVCamPreviewView.swift; sourceTree = "<group>"; };
		6EC8BE9B1B0D215000F38728 /* Home.swift */ = {isa = PBXFileReference; fileEncoding = 4; lastKnownFileType = sourcecode.swift; path = Home.swift; sourceTree = "<group>"; };
		6EC8BE9C1B0D215000F38728 /* Globe.swift */ = {isa = PBXFileReference; fileEncoding = 4; lastKnownFileType = sourcecode.swift; path = Globe.swift; sourceTree = "<group>"; };
		6EC8BE9D1B0D215000F38728 /* Profile.swift */ = {isa = PBXFileReference; fileEncoding = 4; lastKnownFileType = sourcecode.swift; path = Profile.swift; sourceTree = "<group>"; };
		6EC8BEA01B0D215000F38728 /* Glimp.swift */ = {isa = PBXFileReference; fileEncoding = 4; lastKnownFileType = sourcecode.swift; path = Glimp.swift; sourceTree = "<group>"; };
		6EC8BEA11B0D215000F38728 /* GlimpPreview.swift */ = {isa = PBXFileReference; fileEncoding = 4; lastKnownFileType = sourcecode.swift; path = GlimpPreview.swift; sourceTree = "<group>"; };
		6EC8BEA31B0D215000F38728 /* GlimpView.swift */ = {isa = PBXFileReference; fileEncoding = 4; lastKnownFileType = sourcecode.swift; path = GlimpView.swift; sourceTree = "<group>"; };
		6EC8BEA41B0D215000F38728 /* LoginVC.swift */ = {isa = PBXFileReference; fileEncoding = 4; lastKnownFileType = sourcecode.swift; path = LoginVC.swift; sourceTree = "<group>"; };
		6EC8BEA51B0D215000F38728 /* DataManager.swift */ = {isa = PBXFileReference; fileEncoding = 4; lastKnownFileType = sourcecode.swift; path = DataManager.swift; sourceTree = "<group>"; };
		6EC8BEA61B0D215000F38728 /* Getter.swift */ = {isa = PBXFileReference; fileEncoding = 4; lastKnownFileType = sourcecode.swift; path = Getter.swift; sourceTree = "<group>"; };
		6EC8BEA71B0D215000F38728 /* SignupVC.swift */ = {isa = PBXFileReference; fileEncoding = 4; lastKnownFileType = sourcecode.swift; path = SignupVC.swift; sourceTree = "<group>"; };
		6EC8BEA81B0D215000F38728 /* Player.swift */ = {isa = PBXFileReference; fileEncoding = 4; lastKnownFileType = sourcecode.swift; path = Player.swift; sourceTree = "<group>"; };
		6EC8BEA91B0D215000F38728 /* TestAnnotation.swift */ = {isa = PBXFileReference; fileEncoding = 4; lastKnownFileType = sourcecode.swift; path = TestAnnotation.swift; sourceTree = "<group>"; };
		6EC8BEAC1B0D215000F38728 /* glimplogo-2.png */ = {isa = PBXFileReference; lastKnownFileType = image.png; path = "glimplogo-2.png"; sourceTree = "<group>"; };
		6EC8BEAF1B0D215000F38728 /* marker.png */ = {isa = PBXFileReference; lastKnownFileType = image.png; path = marker.png; sourceTree = "<group>"; };
		6EC8BEB11B0D215000F38728 /* marker1.png */ = {isa = PBXFileReference; lastKnownFileType = image.png; path = marker1.png; sourceTree = "<group>"; };
		6EC8BED21B0D218F00F38728 /* JPSThumbnail.h */ = {isa = PBXFileReference; fileEncoding = 4; lastKnownFileType = sourcecode.c.h; path = JPSThumbnail.h; sourceTree = "<group>"; };
		6EC8BED31B0D218F00F38728 /* JPSThumbnailAnnotation.h */ = {isa = PBXFileReference; fileEncoding = 4; lastKnownFileType = sourcecode.c.h; path = JPSThumbnailAnnotation.h; sourceTree = "<group>"; };
		6EC8BED41B0D218F00F38728 /* JPSThumbnailAnnotation.m */ = {isa = PBXFileReference; fileEncoding = 4; lastKnownFileType = sourcecode.c.objc; path = JPSThumbnailAnnotation.m; sourceTree = "<group>"; };
		6EC8BED51B0D218F00F38728 /* JPSThumbnailAnnotationView.h */ = {isa = PBXFileReference; fileEncoding = 4; lastKnownFileType = sourcecode.c.h; path = JPSThumbnailAnnotationView.h; sourceTree = "<group>"; };
		6EC8BED61B0D218F00F38728 /* JPSThumbnailAnnotationView.m */ = {isa = PBXFileReference; fileEncoding = 4; lastKnownFileType = sourcecode.c.objc; path = JPSThumbnailAnnotationView.m; sourceTree = "<group>"; };
		6EC8BED71B0D218F00F38728 /* JPSThumnail.m */ = {isa = PBXFileReference; fileEncoding = 4; lastKnownFileType = sourcecode.c.objc; path = JPSThumnail.m; sourceTree = "<group>"; };
		6EC8BEDB1B0D218F00F38728 /* RAMBounceAnimation.swift */ = {isa = PBXFileReference; fileEncoding = 4; lastKnownFileType = sourcecode.swift; path = RAMBounceAnimation.swift; sourceTree = "<group>"; };
		6EC8BEDD1B0D218F00F38728 /* RAMFrameItemAnimation.swift */ = {isa = PBXFileReference; fileEncoding = 4; lastKnownFileType = sourcecode.swift; path = RAMFrameItemAnimation.swift; sourceTree = "<group>"; };
		6EC8BEDF1B0D218F00F38728 /* RAMFumeAnimation.swift */ = {isa = PBXFileReference; fileEncoding = 4; lastKnownFileType = sourcecode.swift; path = RAMFumeAnimation.swift; sourceTree = "<group>"; };
		6EC8BEE11B0D218F00F38728 /* RAMRotationAnimation.swift */ = {isa = PBXFileReference; fileEncoding = 4; lastKnownFileType = sourcecode.swift; path = RAMRotationAnimation.swift; sourceTree = "<group>"; };
		6EC8BEE31B0D218F00F38728 /* RAMTransitionItemAnimation.swift */ = {isa = PBXFileReference; fileEncoding = 4; lastKnownFileType = sourcecode.swift; path = RAMTransitionItemAnimation.swift; sourceTree = "<group>"; };
		6EC8BEE51B0D218F00F38728 /* RAMAnimatedTabBarController.swift */ = {isa = PBXFileReference; fileEncoding = 4; lastKnownFileType = sourcecode.swift; path = RAMAnimatedTabBarController.swift; sourceTree = "<group>"; };
		6EC8BEE61B0D218F00F38728 /* RAMItemAnimationProtocol.swift */ = {isa = PBXFileReference; fileEncoding = 4; lastKnownFileType = sourcecode.swift; path = RAMItemAnimationProtocol.swift; sourceTree = "<group>"; };
		6EC8BEE81B0D218F00F38728 /* kp_2dtree.h */ = {isa = PBXFileReference; fileEncoding = 4; lastKnownFileType = sourcecode.c.h; path = kp_2dtree.h; sourceTree = "<group>"; };
		6EC8BEE91B0D218F00F38728 /* KPAnnotation.h */ = {isa = PBXFileReference; fileEncoding = 4; lastKnownFileType = sourcecode.c.h; path = KPAnnotation.h; sourceTree = "<group>"; };
		6EC8BEEA1B0D218F00F38728 /* KPAnnotation.m */ = {isa = PBXFileReference; fileEncoding = 4; lastKnownFileType = sourcecode.c.objc; path = KPAnnotation.m; sourceTree = "<group>"; };
		6EC8BEEB1B0D218F00F38728 /* KPAnnotationTree.h */ = {isa = PBXFileReference; fileEncoding = 4; lastKnownFileType = sourcecode.c.h; path = KPAnnotationTree.h; sourceTree = "<group>"; };
		6EC8BEEC1B0D218F00F38728 /* KPAnnotationTree.m */ = {isa = PBXFileReference; fileEncoding = 4; lastKnownFileType = sourcecode.c.objc; path = KPAnnotationTree.m; sourceTree = "<group>"; };
		6EC8BEED1B0D218F00F38728 /* KPAnnotationTree_Private.h */ = {isa = PBXFileReference; fileEncoding = 4; lastKnownFileType = sourcecode.c.h; path = KPAnnotationTree_Private.h; sourceTree = "<group>"; };
		6EC8BEEE1B0D218F00F38728 /* KPClusteringAlgorithm.h */ = {isa = PBXFileReference; fileEncoding = 4; lastKnownFileType = sourcecode.c.h; path = KPClusteringAlgorithm.h; sourceTree = "<group>"; };
		6EC8BEEF1B0D218F00F38728 /* KPClusteringController.h */ = {isa = PBXFileReference; fileEncoding = 4; lastKnownFileType = sourcecode.c.h; path = KPClusteringController.h; sourceTree = "<group>"; };
		6EC8BEF01B0D218F00F38728 /* KPClusteringController.m */ = {isa = PBXFileReference; fileEncoding = 4; lastKnownFileType = sourcecode.c.objc; path = KPClusteringController.m; sourceTree = "<group>"; };
		6EC8BEF11B0D218F00F38728 /* KPGeometry.h */ = {isa = PBXFileReference; fileEncoding = 4; lastKnownFileType = sourcecode.c.h; path = KPGeometry.h; sourceTree = "<group>"; };
		6EC8BEF21B0D218F00F38728 /* KPGridClusteringAlgorithm.h */ = {isa = PBXFileReference; fileEncoding = 4; lastKnownFileType = sourcecode.c.h; path = KPGridClusteringAlgorithm.h; sourceTree = "<group>"; };
		6EC8BEF31B0D218F00F38728 /* KPGridClusteringAlgorithm.m */ = {isa = PBXFileReference; fileEncoding = 4; lastKnownFileType = sourcecode.c.objc; path = KPGridClusteringAlgorithm.m; sourceTree = "<group>"; };
		6EC8BEF41B0D218F00F38728 /* KPGridClusteringAlgorithm_Private.h */ = {isa = PBXFileReference; fileEncoding = 4; lastKnownFileType = sourcecode.c.h; path = KPGridClusteringAlgorithm_Private.h; sourceTree = "<group>"; };
		6EC8BEF51B0D218F00F38728 /* KPGridClusteringAlgorithmDelegate.h */ = {isa = PBXFileReference; fileEncoding = 4; lastKnownFileType = sourcecode.c.h; path = KPGridClusteringAlgorithmDelegate.h; sourceTree = "<group>"; };
		6EC8BEF61B0D218F00F38728 /* MKMapView+ZoomLevel.h */ = {isa = PBXFileReference; fileEncoding = 4; lastKnownFileType = sourcecode.c.h; path = "MKMapView+ZoomLevel.h"; sourceTree = "<group>"; };
		6EC8BEF71B0D218F00F38728 /* MKMapView+ZoomLevel.m */ = {isa = PBXFileReference; fileEncoding = 4; lastKnownFileType = sourcecode.c.objc; path = "MKMapView+ZoomLevel.m"; sourceTree = "<group>"; };
		6EC8BEF81B0D218F00F38728 /* NSArray+KP.h */ = {isa = PBXFileReference; fileEncoding = 4; lastKnownFileType = sourcecode.c.h; path = "NSArray+KP.h"; sourceTree = "<group>"; };
		6EC8BEF91B0D218F00F38728 /* NSArray+KP.m */ = {isa = PBXFileReference; fileEncoding = 4; lastKnownFileType = sourcecode.c.objc; path = "NSArray+KP.m"; sourceTree = "<group>"; };
		6EC8BF541B0D269300F38728 /* Info.plist */ = {isa = PBXFileReference; fileEncoding = 4; lastKnownFileType = text.plist.xml; path = Info.plist; sourceTree = "<group>"; };
		6ECF7D691B4821FF002A37C6 /* utils.swift */ = {isa = PBXFileReference; fileEncoding = 4; lastKnownFileType = sourcecode.swift; path = utils.swift; sourceTree = "<group>"; };
		6ECF7D6B1B4835AA002A37C6 /* BeatAnimator.swift */ = {isa = PBXFileReference; fileEncoding = 4; lastKnownFileType = sourcecode.swift; path = BeatAnimator.swift; sourceTree = "<group>"; };
		6ECF7D6C1B4835AA002A37C6 /* PacmanAnimator.swift */ = {isa = PBXFileReference; fileEncoding = 4; lastKnownFileType = sourcecode.swift; path = PacmanAnimator.swift; sourceTree = "<group>"; };
		6ECF7D791B48931A002A37C6 /* SwiftyTimer.swift */ = {isa = PBXFileReference; fileEncoding = 4; lastKnownFileType = sourcecode.swift; path = SwiftyTimer.swift; sourceTree = "<group>"; };
		6ED022B41B43283900E0420E /* IBGEnums.h */ = {isa = PBXFileReference; fileEncoding = 4; lastKnownFileType = sourcecode.c.h; name = IBGEnums.h; path = Instabug.framework/Versions/A/Headers/IBGEnums.h; sourceTree = "<group>"; };
		6ED022B51B43283900E0420E /* Instabug.h */ = {isa = PBXFileReference; fileEncoding = 4; lastKnownFileType = sourcecode.c.h; name = Instabug.h; path = Instabug.framework/Versions/A/Headers/Instabug.h; sourceTree = "<group>"; };
		6ED022B61B43283900E0420E /* Instabug.bundle */ = {isa = PBXFileReference; lastKnownFileType = "wrapper.plug-in"; path = Instabug.bundle; sourceTree = "<group>"; };
		6ED022BA1B432BF600E0420E /* AudioToolbox.framework */ = {isa = PBXFileReference; lastKnownFileType = wrapper.framework; name = AudioToolbox.framework; path = System/Library/Frameworks/AudioToolbox.framework; sourceTree = SDKROOT; };
		6ED022BC1B432C0700E0420E /* CoreGraphics.framework */ = {isa = PBXFileReference; lastKnownFileType = wrapper.framework; name = CoreGraphics.framework; path = System/Library/Frameworks/CoreGraphics.framework; sourceTree = SDKROOT; };
		6ED022BE1B432C1200E0420E /* CoreTelephony.framework */ = {isa = PBXFileReference; lastKnownFileType = wrapper.framework; name = CoreTelephony.framework; path = System/Library/Frameworks/CoreTelephony.framework; sourceTree = SDKROOT; };
		6ED022C01B432C1900E0420E /* Foundation.framework */ = {isa = PBXFileReference; lastKnownFileType = wrapper.framework; name = Foundation.framework; path = System/Library/Frameworks/Foundation.framework; sourceTree = SDKROOT; };
		6ED022C21B432C2100E0420E /* GLKit.framework */ = {isa = PBXFileReference; lastKnownFileType = wrapper.framework; name = GLKit.framework; path = System/Library/Frameworks/GLKit.framework; sourceTree = SDKROOT; };
		6ED022C41B432C2D00E0420E /* libc++.dylib */ = {isa = PBXFileReference; lastKnownFileType = "compiled.mach-o.dylib"; name = "libc++.dylib"; path = "usr/lib/libc++.dylib"; sourceTree = SDKROOT; };
		6ED022C61B432C3700E0420E /* MessageUI.framework */ = {isa = PBXFileReference; lastKnownFileType = wrapper.framework; name = MessageUI.framework; path = System/Library/Frameworks/MessageUI.framework; sourceTree = SDKROOT; };
		6ED022C81B432C3F00E0420E /* OpenGLES.framework */ = {isa = PBXFileReference; lastKnownFileType = wrapper.framework; name = OpenGLES.framework; path = System/Library/Frameworks/OpenGLES.framework; sourceTree = SDKROOT; };
		6ED022CA1B432C4400E0420E /* QuartzCore.framework */ = {isa = PBXFileReference; lastKnownFileType = wrapper.framework; name = QuartzCore.framework; path = System/Library/Frameworks/QuartzCore.framework; sourceTree = SDKROOT; };
		6ED1F7391B47F6DA00B2A4B3 /* ProgressHUD.swift */ = {isa = PBXFileReference; fileEncoding = 4; lastKnownFileType = sourcecode.swift; path = ProgressHUD.swift; sourceTree = "<group>"; };
		6EDD622E1B38456C004A5726 /* GlimS.swift */ = {isa = PBXFileReference; fileEncoding = 4; lastKnownFileType = sourcecode.swift; path = GlimS.swift; sourceTree = "<group>"; };
		6EDD62301B384A6E004A5726 /* Storyboard.storyboard */ = {isa = PBXFileReference; fileEncoding = 4; lastKnownFileType = file.storyboard; path = Storyboard.storyboard; sourceTree = "<group>"; };
		6EE6DEA61B4E9C7F007F121D /* SwiftyJSON.swift */ = {isa = PBXFileReference; fileEncoding = 4; lastKnownFileType = sourcecode.swift; path = SwiftyJSON.swift; sourceTree = "<group>"; };
		6EE932271B3F2E3E00E52F63 /* CommentsNotif.swift */ = {isa = PBXFileReference; fileEncoding = 4; lastKnownFileType = sourcecode.swift; path = CommentsNotif.swift; sourceTree = "<group>"; };
		6EE932291B3F2FE400E52F63 /* UserProfileNotif.swift */ = {isa = PBXFileReference; fileEncoding = 4; lastKnownFileType = sourcecode.swift; path = UserProfileNotif.swift; sourceTree = "<group>"; };
		6EE9322B1B3F4BF900E52F63 /* SFSwiftNotification.swift */ = {isa = PBXFileReference; fileEncoding = 4; lastKnownFileType = sourcecode.swift; path = SFSwiftNotification.swift; sourceTree = "<group>"; };
		6EE9322D1B3F508C00E52F63 /* splash.mp3 */ = {isa = PBXFileReference; lastKnownFileType = audio.mp3; path = splash.mp3; sourceTree = "<group>"; };
		6EF233881B71302F0083C754 /* Report.swift */ = {isa = PBXFileReference; fileEncoding = 4; lastKnownFileType = sourcecode.swift; path = Report.swift; sourceTree = "<group>"; };
		6EF2338A1B71321C0083C754 /* Reporter.swift */ = {isa = PBXFileReference; fileEncoding = 4; lastKnownFileType = sourcecode.swift; path = Reporter.swift; sourceTree = "<group>"; };
		8BD82ADCF977F1BBF70B9E37 /* Pods_Glimp.framework */ = {isa = PBXFileReference; explicitFileType = wrapper.framework; includeInIndex = 0; path = Pods_Glimp.framework; sourceTree = BUILT_PRODUCTS_DIR; };
		FAC89E911EA7B3C2B3C980BB /* Pods-Glimp.release.xcconfig */ = {isa = PBXFileReference; includeInIndex = 1; lastKnownFileType = text.xcconfig; name = "Pods-Glimp.release.xcconfig"; path = "Pods/Target Support Files/Pods-Glimp/Pods-Glimp.release.xcconfig"; sourceTree = "<group>"; };
/* End PBXFileReference section */

/* Begin PBXFrameworksBuildPhase section */
		6EC8BE691B0D213300F38728 /* Frameworks */ = {
			isa = PBXFrameworksBuildPhase;
			buildActionMask = 2147483647;
			files = (
				6E88E9931B42AECE00C29AF2 /* UIKit.framework in Frameworks */,
				6E88E9951B42AED700C29AF2 /* SystemConfiguration.framework in Frameworks */,
				6ED022CB1B432C4400E0420E /* QuartzCore.framework in Frameworks */,
				6ED022C91B432C3F00E0420E /* OpenGLES.framework in Frameworks */,
				6ED022C71B432C3700E0420E /* MessageUI.framework in Frameworks */,
				6ED022C51B432C2D00E0420E /* libc++.dylib in Frameworks */,
				6ED022C31B432C2100E0420E /* GLKit.framework in Frameworks */,
				6ED022C11B432C1900E0420E /* Foundation.framework in Frameworks */,
				6ED022BF1B432C1200E0420E /* CoreTelephony.framework in Frameworks */,
				6ED022BD1B432C0700E0420E /* CoreGraphics.framework in Frameworks */,
				6ED022BB1B432BF600E0420E /* AudioToolbox.framework in Frameworks */,
				6E88E9991B42AEF900C29AF2 /* CoreMotion.framework in Frameworks */,
				6E88E9971B42AEDE00C29AF2 /* Security.framework in Frameworks */,
				6E88E9911B42AEC800C29AF2 /* AddressBook.framework in Frameworks */,
				6E88E98B1B42ADED00C29AF2 /* GoogleOpenSource.framework in Frameworks */,
				6E88E98D1B42ADED00C29AF2 /* GooglePlus.framework in Frameworks */,
				6E872C341B166A4100EE0C08 /* Pods_Glimp.framework in Frameworks */,
				6E92D9561B41F9DE0020C4CF /* FBSDKCoreKit.framework in Frameworks */,
				6E92D9571B41F9DE0020C4CF /* FBSDKLoginKit.framework in Frameworks */,
				6E92D9551B41F9DE0020C4CF /* Bolts.framework in Frameworks */,
			);
			runOnlyForDeploymentPostprocessing = 0;
		};
/* End PBXFrameworksBuildPhase section */

/* Begin PBXGroup section */
		5A280942ECA8482D28FFE042 /* Pods */ = {
			isa = PBXGroup;
			children = (
				009E1EC5BCD743793E4C63A8 /* Pods-Glimp.debug.xcconfig */,
				FAC89E911EA7B3C2B3C980BB /* Pods-Glimp.release.xcconfig */,
			);
			name = Pods;
			sourceTree = "<group>";
		};
		6E3480601B347D09003F0D6A /* AFNetworking */ = {
			isa = PBXGroup;
			children = (
				6E3480611B347D09003F0D6A /* AFNetworking */,
				6E3480751B347D09003F0D6A /* LICENSE */,
				6E3480761B347D09003F0D6A /* README.md */,
				6E3480771B347D09003F0D6A /* UIKit+AFNetworking */,
			);
			path = AFNetworking;
			sourceTree = "<group>";
		};
		6E3480611B347D09003F0D6A /* AFNetworking */ = {
			isa = PBXGroup;
			children = (
				6E3480621B347D09003F0D6A /* AFHTTPRequestOperation.h */,
				6E3480631B347D09003F0D6A /* AFHTTPRequestOperation.m */,
				6E3480641B347D09003F0D6A /* AFHTTPRequestOperationManager.h */,
				6E3480651B347D09003F0D6A /* AFHTTPRequestOperationManager.m */,
				6E3480661B347D09003F0D6A /* AFHTTPSessionManager.h */,
				6E3480671B347D09003F0D6A /* AFHTTPSessionManager.m */,
				6E3480681B347D09003F0D6A /* AFNetworking.h */,
				6E3480691B347D09003F0D6A /* AFNetworkReachabilityManager.h */,
				6E34806A1B347D09003F0D6A /* AFNetworkReachabilityManager.m */,
				6E34806B1B347D09003F0D6A /* AFSecurityPolicy.h */,
				6E34806C1B347D09003F0D6A /* AFSecurityPolicy.m */,
				6E34806D1B347D09003F0D6A /* AFURLConnectionOperation.h */,
				6E34806E1B347D09003F0D6A /* AFURLConnectionOperation.m */,
				6E34806F1B347D09003F0D6A /* AFURLRequestSerialization.h */,
				6E3480701B347D09003F0D6A /* AFURLRequestSerialization.m */,
				6E3480711B347D09003F0D6A /* AFURLResponseSerialization.h */,
				6E3480721B347D09003F0D6A /* AFURLResponseSerialization.m */,
				6E3480731B347D09003F0D6A /* AFURLSessionManager.h */,
				6E3480741B347D09003F0D6A /* AFURLSessionManager.m */,
			);
			path = AFNetworking;
			sourceTree = "<group>";
		};
		6E3480771B347D09003F0D6A /* UIKit+AFNetworking */ = {
			isa = PBXGroup;
			children = (
				6E3480781B347D09003F0D6A /* AFNetworkActivityIndicatorManager.h */,
				6E3480791B347D09003F0D6A /* AFNetworkActivityIndicatorManager.m */,
				6E34807A1B347D09003F0D6A /* UIActivityIndicatorView+AFNetworking.h */,
				6E34807B1B347D09003F0D6A /* UIActivityIndicatorView+AFNetworking.m */,
				6E34807C1B347D09003F0D6A /* UIAlertView+AFNetworking.h */,
				6E34807D1B347D09003F0D6A /* UIAlertView+AFNetworking.m */,
				6E34807E1B347D09003F0D6A /* UIButton+AFNetworking.h */,
				6E34807F1B347D09003F0D6A /* UIButton+AFNetworking.m */,
				6E3480801B347D09003F0D6A /* UIImageView+AFNetworking.h */,
				6E3480811B347D09003F0D6A /* UIImageView+AFNetworking.m */,
				6E3480821B347D09003F0D6A /* UIKit+AFNetworking.h */,
				6E3480831B347D09003F0D6A /* UIProgressView+AFNetworking.h */,
				6E3480841B347D09003F0D6A /* UIProgressView+AFNetworking.m */,
				6E3480851B347D09003F0D6A /* UIRefreshControl+AFNetworking.h */,
				6E3480861B347D09003F0D6A /* UIRefreshControl+AFNetworking.m */,
				6E3480871B347D09003F0D6A /* UIWebView+AFNetworking.h */,
				6E3480881B347D09003F0D6A /* UIWebView+AFNetworking.m */,
			);
			path = "UIKit+AFNetworking";
			sourceTree = "<group>";
		};
		6E6E367B1B10DC5500B07A65 /* Fonts */ = {
			isa = PBXGroup;
			children = (
				6E6E367C1B10DC6300B07A65 /* MyriadPro-Bold.otf */,
				6E6E367D1B10DC6300B07A65 /* MyriadPro-BoldCond.otf */,
				6E6E367E1B10DC6300B07A65 /* MyriadPro-BoldCondIt.otf */,
				6E6E367F1B10DC6300B07A65 /* MyriadPro-BoldIt.otf */,
				6E6E36801B10DC6300B07A65 /* MyriadPro-Cond.otf */,
				6E6E36811B10DC6300B07A65 /* MyriadPro-CondIt.otf */,
				6E6E36821B10DC6300B07A65 /* MyriadPro-It.otf */,
				6E6E36831B10DC6300B07A65 /* MyriadPro-Regular.otf */,
				6E6E36841B10DC6300B07A65 /* MyriadPro-Semibold.otf */,
				6E6E36851B10DC6300B07A65 /* MyriadPro-SemiboldIt.otf */,
			);
			name = Fonts;
			sourceTree = "<group>";
		};
		6EC8BE631B0D213300F38728 = {
			isa = PBXGroup;
			children = (
				6EC8BE6E1B0D213300F38728 /* Glimp */,
				6EC8BE861B0D213300F38728 /* GlimpTests */,
				6EC8BE6D1B0D213300F38728 /* Products */,
				5A280942ECA8482D28FFE042 /* Pods */,
				9CA22B4D0C762A9E707FCDE6 /* Frameworks */,
			);
			sourceTree = "<group>";
		};
		6EC8BE6D1B0D213300F38728 /* Products */ = {
			isa = PBXGroup;
			children = (
				6EC8BE6C1B0D213300F38728 /* Glimp.app */,
			);
			name = Products;
			sourceTree = "<group>";
		};
		6EC8BE6E1B0D213300F38728 /* Glimp */ = {
			isa = PBXGroup;
			children = (
				6E6E367B1B10DC5500B07A65 /* Fonts */,
				6EC8BED11B0D218F00F38728 /* JPSThumbnailAnnotation */,
				6EC8BED81B0D218F00F38728 /* RAMAnimatedTabBarController */,
				6EC8BEE71B0D218F00F38728 /* src */,
				6E3480601B347D09003F0D6A /* AFNetworking */,
				6EC8BE971B0D215000F38728 /* video.mov */,
				6E92D9521B41F9DE0020C4CF /* Bolts.framework */,
				6E92D9531B41F9DE0020C4CF /* FBSDKCoreKit.framework */,
				6E92D9541B41F9DE0020C4CF /* FBSDKLoginKit.framework */,
				6EC8BE981B0D215000F38728 /* Bridging_Header.h */,
				6ED022B81B43283900E0420E /* Instabug */,
				6E88E9881B42ADED00C29AF2 /* GoogleOpenSource.framework */,
				6E88E9891B42ADED00C29AF2 /* GooglePlus.bundle */,
				6E88E98A1B42ADED00C29AF2 /* GooglePlus.framework */,
				6EC8BE991B0D215000F38728 /* AppDelegate.swift */,
				6EC8BE9A1B0D215000F38728 /* AVCamPreviewView.swift */,
				6ECF7D6B1B4835AA002A37C6 /* BeatAnimator.swift */,
				6E4F6B151B6C176A00CB775E /* BlockTableView.swift */,
				6E76E75C1B40C34B0006AEC2 /* ChangePassword.swift */,
				6E5990051B1BAA80001D4016 /* CollectionViewCell.swift */,
				6ECF7D791B48931A002A37C6 /* SwiftyTimer.swift */,
				6E0528D11B1653C400C50C5C /* Comments.swift */,
				6EC8BEA51B0D215000F38728 /* DataManager.swift */,
				6EE932271B3F2E3E00E52F63 /* CommentsNotif.swift */,
				6E7F10AD1B3F724D00E27E27 /* ForgetMyPassword.swift */,
				6EC8BE9C1B0D215000F38728 /* Globe.swift */,
				6EDD622E1B38456C004A5726 /* GlimS.swift */,
				6EC8BEA01B0D215000F38728 /* Glimp.swift */,
				6EC8BEA11B0D215000F38728 /* GlimpPreview.swift */,
				6ED1F7391B47F6DA00B2A4B3 /* ProgressHUD.swift */,
				6EC8BEA61B0D215000F38728 /* Getter.swift */,
				6EC8BEA31B0D215000F38728 /* GlimpView.swift */,
				6E0912061B6D5A1000333A9A /* Hashtag.swift */,
				6EC8BE9B1B0D215000F38728 /* Home.swift */,
				6EA803701B2F5A9800316620 /* imagePicker.swift */,
				6EC8BEA41B0D215000F38728 /* LoginVC.swift */,
				6EE9322D1B3F508C00E52F63 /* splash.mp3 */,
				6E5990031B1BA26D001D4016 /* LocationCollectionViewController.swift */,
				6E6BDA791B3E300500BF9FE2 /* Notifications.swift */,
				6ECF7D6C1B4835AA002A37C6 /* PacmanAnimator.swift */,
				6EC8BEA81B0D215000F38728 /* Player.swift */,
				6EC8BE9D1B0D215000F38728 /* Profile.swift */,
				6E70795F1B2AF6E2006A2B24 /* Reachability.swift */,
				6EF233881B71302F0083C754 /* Report.swift */,
				6EF2338A1B71321C0083C754 /* Reporter.swift */,
				6E0E21671B279C870095D3A4 /* Settings.swift */,
				6EE9322B1B3F4BF900E52F63 /* SFSwiftNotification.swift */,
				6EC8BEA71B0D215000F38728 /* SignupVC.swift */,
				6EE6DEA61B4E9C7F007F121D /* SwiftyJSON.swift */,
				6EE932291B3F2FE400E52F63 /* UserProfileNotif.swift */,
				6EC8BEA91B0D215000F38728 /* TestAnnotation.swift */,
				6E6087211B28B11600B0AAD8 /* UserProfile.swift */,
				6E0912041B6D073D00333A9A /* UITextField+Extension.swift */,
				6ECF7D691B4821FF002A37C6 /* utils.swift */,
				6E15F1C81B5718E9009EA1B5 /* quem.png */,
				6EC8BEAC1B0D215000F38728 /* glimplogo-2.png */,
				6EC8BEAF1B0D215000F38728 /* marker.png */,
				6EC8BEB11B0D215000F38728 /* marker1.png */,
				6EDD62301B384A6E004A5726 /* Storyboard.storyboard */,
				6EC8BE7A1B0D213300F38728 /* Images.xcassets */,
				6EC8BE6F1B0D213300F38728 /* Supporting Files */,
			);
			path = Glimp;
			sourceTree = "<group>";
		};
		6EC8BE6F1B0D213300F38728 /* Supporting Files */ = {
			isa = PBXGroup;
			children = (
				6EC8BF541B0D269300F38728 /* Info.plist */,
			);
			name = "Supporting Files";
			sourceTree = "<group>";
		};
		6EC8BE861B0D213300F38728 /* GlimpTests */ = {
			isa = PBXGroup;
			children = (
				6EC8BE891B0D213300F38728 /* GlimpTests.swift */,
				6EC8BE871B0D213300F38728 /* Supporting Files */,
			);
			path = GlimpTests;
			sourceTree = "<group>";
		};
		6EC8BE871B0D213300F38728 /* Supporting Files */ = {
			isa = PBXGroup;
			children = (
				6EC8BE881B0D213300F38728 /* Info.plist */,
			);
			name = "Supporting Files";
			sourceTree = "<group>";
		};
		6EC8BED11B0D218F00F38728 /* JPSThumbnailAnnotation */ = {
			isa = PBXGroup;
			children = (
				6EC8BED21B0D218F00F38728 /* JPSThumbnail.h */,
				6EC8BED31B0D218F00F38728 /* JPSThumbnailAnnotation.h */,
				6EC8BED41B0D218F00F38728 /* JPSThumbnailAnnotation.m */,
				6EC8BED51B0D218F00F38728 /* JPSThumbnailAnnotationView.h */,
				6EC8BED61B0D218F00F38728 /* JPSThumbnailAnnotationView.m */,
				6EC8BED71B0D218F00F38728 /* JPSThumnail.m */,
			);
			path = JPSThumbnailAnnotation;
			sourceTree = "<group>";
		};
		6EC8BED81B0D218F00F38728 /* RAMAnimatedTabBarController */ = {
			isa = PBXGroup;
			children = (
				6EC8BED91B0D218F00F38728 /* Animations */,
				6EC8BEE51B0D218F00F38728 /* RAMAnimatedTabBarController.swift */,
				6EC8BEE61B0D218F00F38728 /* RAMItemAnimationProtocol.swift */,
			);
			path = RAMAnimatedTabBarController;
			sourceTree = "<group>";
		};
		6EC8BED91B0D218F00F38728 /* Animations */ = {
			isa = PBXGroup;
			children = (
				6EC8BEDA1B0D218F00F38728 /* BounceAnimation */,
				6EC8BEDC1B0D218F00F38728 /* FrameAnimation */,
				6EC8BEDE1B0D218F00F38728 /* FumeAnimation */,
				6EC8BEE01B0D218F00F38728 /* RotationAnimation */,
				6EC8BEE21B0D218F00F38728 /* TransitionAniamtions */,
			);
			path = Animations;
			sourceTree = "<group>";
		};
		6EC8BEDA1B0D218F00F38728 /* BounceAnimation */ = {
			isa = PBXGroup;
			children = (
				6EC8BEDB1B0D218F00F38728 /* RAMBounceAnimation.swift */,
			);
			path = BounceAnimation;
			sourceTree = "<group>";
		};
		6EC8BEDC1B0D218F00F38728 /* FrameAnimation */ = {
			isa = PBXGroup;
			children = (
				6EC8BEDD1B0D218F00F38728 /* RAMFrameItemAnimation.swift */,
			);
			path = FrameAnimation;
			sourceTree = "<group>";
		};
		6EC8BEDE1B0D218F00F38728 /* FumeAnimation */ = {
			isa = PBXGroup;
			children = (
				6EC8BEDF1B0D218F00F38728 /* RAMFumeAnimation.swift */,
			);
			path = FumeAnimation;
			sourceTree = "<group>";
		};
		6EC8BEE01B0D218F00F38728 /* RotationAnimation */ = {
			isa = PBXGroup;
			children = (
				6EC8BEE11B0D218F00F38728 /* RAMRotationAnimation.swift */,
			);
			path = RotationAnimation;
			sourceTree = "<group>";
		};
		6EC8BEE21B0D218F00F38728 /* TransitionAniamtions */ = {
			isa = PBXGroup;
			children = (
				6EC8BEE31B0D218F00F38728 /* RAMTransitionItemAnimation.swift */,
			);
			path = TransitionAniamtions;
			sourceTree = "<group>";
		};
		6EC8BEE71B0D218F00F38728 /* src */ = {
			isa = PBXGroup;
			children = (
				6EC8BEE81B0D218F00F38728 /* kp_2dtree.h */,
				6EC8BEE91B0D218F00F38728 /* KPAnnotation.h */,
				6EC8BEEA1B0D218F00F38728 /* KPAnnotation.m */,
				6EC8BEEB1B0D218F00F38728 /* KPAnnotationTree.h */,
				6EC8BEEC1B0D218F00F38728 /* KPAnnotationTree.m */,
				6EC8BEED1B0D218F00F38728 /* KPAnnotationTree_Private.h */,
				6EC8BEEE1B0D218F00F38728 /* KPClusteringAlgorithm.h */,
				6EC8BEEF1B0D218F00F38728 /* KPClusteringController.h */,
				6EC8BEF01B0D218F00F38728 /* KPClusteringController.m */,
				6EC8BEF11B0D218F00F38728 /* KPGeometry.h */,
				6EC8BEF21B0D218F00F38728 /* KPGridClusteringAlgorithm.h */,
				6EC8BEF31B0D218F00F38728 /* KPGridClusteringAlgorithm.m */,
				6EC8BEF41B0D218F00F38728 /* KPGridClusteringAlgorithm_Private.h */,
				6EC8BEF51B0D218F00F38728 /* KPGridClusteringAlgorithmDelegate.h */,
				6EC8BEF61B0D218F00F38728 /* MKMapView+ZoomLevel.h */,
				6EC8BEF71B0D218F00F38728 /* MKMapView+ZoomLevel.m */,
				6EC8BEF81B0D218F00F38728 /* NSArray+KP.h */,
				6EC8BEF91B0D218F00F38728 /* NSArray+KP.m */,
			);
			path = src;
			sourceTree = "<group>";
		};
		6ED022B71B43283900E0420E /* Resources */ = {
			isa = PBXGroup;
			children = (
				6ED022B61B43283900E0420E /* Instabug.bundle */,
			);
			name = Resources;
			sourceTree = "<group>";
		};
		6ED022B81B43283900E0420E /* Instabug */ = {
			isa = PBXGroup;
			children = (
				6ED022B41B43283900E0420E /* IBGEnums.h */,
				6ED022B51B43283900E0420E /* Instabug.h */,
				6ED022B71B43283900E0420E /* Resources */,
			);
			name = Instabug;
			path = ../Pods/Instabug;
			sourceTree = "<group>";
		};
		9CA22B4D0C762A9E707FCDE6 /* Frameworks */ = {
			isa = PBXGroup;
			children = (
				6ED022CA1B432C4400E0420E /* QuartzCore.framework */,
				6ED022C81B432C3F00E0420E /* OpenGLES.framework */,
				6ED022C61B432C3700E0420E /* MessageUI.framework */,
				6ED022C41B432C2D00E0420E /* libc++.dylib */,
				6ED022C21B432C2100E0420E /* GLKit.framework */,
				6ED022C01B432C1900E0420E /* Foundation.framework */,
				6ED022BE1B432C1200E0420E /* CoreTelephony.framework */,
				6ED022BC1B432C0700E0420E /* CoreGraphics.framework */,
				6ED022BA1B432BF600E0420E /* AudioToolbox.framework */,
				6E88E9981B42AEF900C29AF2 /* CoreMotion.framework */,
				6E88E9961B42AEDE00C29AF2 /* Security.framework */,
				6E88E9941B42AED700C29AF2 /* SystemConfiguration.framework */,
				6E88E9921B42AECE00C29AF2 /* UIKit.framework */,
				6E88E9901B42AEC800C29AF2 /* AddressBook.framework */,
				6E88E98E1B42AEBE00C29AF2 /* AddressBookUI.framework */,
				6E872C331B166A4100EE0C08 /* Pods_Glimp.framework */,
				6E872C311B166A3A00EE0C08 /* Alamofire.framework */,
				6EC469421B16612500585CD6 /* Pods_Glimp.framework */,
				6EC469401B16611E00585CD6 /* Alamofire.framework */,
				6EC4693E1B1660AC00585CD6 /* Pods_Glimp.framework */,
				6E0528DF1B16593F00C50C5C /* Haneke.framework */,
				8BD82ADCF977F1BBF70B9E37 /* Pods_Glimp.framework */,
			);
			name = Frameworks;
			sourceTree = "<group>";
		};
/* End PBXGroup section */

/* Begin PBXNativeTarget section */
		6EC8BE6B1B0D213300F38728 /* Glimp */ = {
			isa = PBXNativeTarget;
			buildConfigurationList = 6EC8BE8D1B0D213300F38728 /* Build configuration list for PBXNativeTarget "Glimp" */;
			buildPhases = (
				0703C6E8126C785777828AFD /* Check Pods Manifest.lock */,
				6EC8BE681B0D213300F38728 /* Sources */,
				6EC8BE691B0D213300F38728 /* Frameworks */,
				6EC8BE6A1B0D213300F38728 /* Resources */,
				9E556DE0F714F32330E891A2 /* Embed Pods Frameworks */,
				6E25E75E309D1BFC8010E046 /* Copy Pods Resources */,
			);
			buildRules = (
			);
			dependencies = (
			);
			name = Glimp;
			productName = Glimp;
			productReference = 6EC8BE6C1B0D213300F38728 /* Glimp.app */;
			productType = "com.apple.product-type.application";
		};
/* End PBXNativeTarget section */

/* Begin PBXProject section */
		6EC8BE641B0D213300F38728 /* Project object */ = {
			isa = PBXProject;
			attributes = {
				LastUpgradeCheck = 0640;
				ORGANIZATIONNAME = "Ahmed Nassar";
				TargetAttributes = {
					6EC8BE6B1B0D213300F38728 = {
						CreatedOnToolsVersion = 6.4;
						DevelopmentTeam = N3R5Q6LRA7;
						SystemCapabilities = {
							com.apple.BackgroundModes = {
								enabled = 1;
							};
							com.apple.Maps.iOS = {
								enabled = 0;
							};
						};
					};
				};
			};
			buildConfigurationList = 6EC8BE671B0D213300F38728 /* Build configuration list for PBXProject "Glimp" */;
			compatibilityVersion = "Xcode 3.2";
			developmentRegion = English;
			hasScannedForEncodings = 0;
			knownRegions = (
				en,
				Base,
			);
			mainGroup = 6EC8BE631B0D213300F38728;
			productRefGroup = 6EC8BE6D1B0D213300F38728 /* Products */;
			projectDirPath = "";
			projectRoot = "";
			targets = (
				6EC8BE6B1B0D213300F38728 /* Glimp */,
			);
		};
/* End PBXProject section */

/* Begin PBXResourcesBuildPhase section */
		6EC8BE6A1B0D213300F38728 /* Resources */ = {
			isa = PBXResourcesBuildPhase;
			buildActionMask = 2147483647;
			files = (
				6EC8BF551B0D269300F38728 /* Info.plist in Resources */,
				6E88E98C1B42ADED00C29AF2 /* GooglePlus.bundle in Resources */,
				6EC8BEB51B0D215000F38728 /* video.mov in Resources */,
				6ED022B91B43283900E0420E /* Instabug.bundle in Resources */,
				6EC8BECC1B0D215000F38728 /* marker.png in Resources */,
				6EC8BECE1B0D215000F38728 /* marker1.png in Resources */,
				6E15F1C91B5718E9009EA1B5 /* quem.png in Resources */,
				6EE9322E1B3F508C00E52F63 /* splash.mp3 in Resources */,
				6EDD62311B384A6E004A5726 /* Storyboard.storyboard in Resources */,
				6E3480921B347D09003F0D6A /* LICENSE in Resources */,
				6EC8BE7B1B0D213300F38728 /* Images.xcassets in Resources */,
			);
			runOnlyForDeploymentPostprocessing = 0;
		};
/* End PBXResourcesBuildPhase section */

/* Begin PBXShellScriptBuildPhase section */
		0703C6E8126C785777828AFD /* Check Pods Manifest.lock */ = {
			isa = PBXShellScriptBuildPhase;
			buildActionMask = 2147483647;
			files = (
			);
			inputPaths = (
			);
			name = "Check Pods Manifest.lock";
			outputPaths = (
			);
			runOnlyForDeploymentPostprocessing = 0;
			shellPath = /bin/sh;
			shellScript = "diff \"${PODS_ROOT}/../Podfile.lock\" \"${PODS_ROOT}/Manifest.lock\" > /dev/null\nif [[ $? != 0 ]] ; then\n    cat << EOM\nerror: The sandbox is not in sync with the Podfile.lock. Run 'pod install' or update your CocoaPods installation.\nEOM\n    exit 1\nfi\n";
			showEnvVarsInLog = 0;
		};
		6E25E75E309D1BFC8010E046 /* Copy Pods Resources */ = {
			isa = PBXShellScriptBuildPhase;
			buildActionMask = 2147483647;
			files = (
			);
			inputPaths = (
			);
			name = "Copy Pods Resources";
			outputPaths = (
			);
			runOnlyForDeploymentPostprocessing = 0;
			shellPath = /bin/sh;
			shellScript = "\"${SRCROOT}/Pods/Target Support Files/Pods-Glimp/Pods-Glimp-resources.sh\"\n";
			showEnvVarsInLog = 0;
		};
		9E556DE0F714F32330E891A2 /* Embed Pods Frameworks */ = {
			isa = PBXShellScriptBuildPhase;
			buildActionMask = 2147483647;
			files = (
			);
			inputPaths = (
			);
			name = "Embed Pods Frameworks";
			outputPaths = (
			);
			runOnlyForDeploymentPostprocessing = 0;
			shellPath = /bin/sh;
			shellScript = "\"${SRCROOT}/Pods/Target Support Files/Pods-Glimp/Pods-Glimp-frameworks.sh\"\n";
			showEnvVarsInLog = 0;
		};
/* End PBXShellScriptBuildPhase section */

/* Begin PBXSourcesBuildPhase section */
		6EC8BE681B0D213300F38728 /* Sources */ = {
			isa = PBXSourcesBuildPhase;
			buildActionMask = 2147483647;
			files = (
				6E3480991B347D09003F0D6A /* UIProgressView+AFNetworking.m in Sources */,
				6EF233891B71302F0083C754 /* Report.swift in Sources */,
				6EC8BEFE1B0D218F00F38728 /* RAMFrameItemAnimation.swift in Sources */,
				6E34808D1B347D09003F0D6A /* AFSecurityPolicy.m in Sources */,
				6ECF7D6D1B4835AA002A37C6 /* BeatAnimator.swift in Sources */,
				6E3480971B347D09003F0D6A /* UIButton+AFNetworking.m in Sources */,
				6E4F6B161B6C176A00CB775E /* BlockTableView.swift in Sources */,
				6E0912051B6D073D00333A9A /* UITextField+Extension.swift in Sources */,
				6EC8BF031B0D218F00F38728 /* RAMAnimatedTabBarController.swift in Sources */,
				6EC8BEB71B0D215000F38728 /* AVCamPreviewView.swift in Sources */,
				6EA803711B2F5A9800316620 /* imagePicker.swift in Sources */,
				6EC8BEC11B0D215000F38728 /* LoginVC.swift in Sources */,
				6E76E75D1B40C34B0006AEC2 /* ChangePassword.swift in Sources */,
				6E5990061B1BAA80001D4016 /* CollectionViewCell.swift in Sources */,
				6EC8BEBA1B0D215000F38728 /* Profile.swift in Sources */,
				6E34809A1B347D09003F0D6A /* UIRefreshControl+AFNetworking.m in Sources */,
				6EC8BF001B0D218F00F38728 /* RAMRotationAnimation.swift in Sources */,
				6E6087221B28B11600B0AAD8 /* UserProfile.swift in Sources */,
				6EC8BEFF1B0D218F00F38728 /* RAMFumeAnimation.swift in Sources */,
				6EC8BEC51B0D215000F38728 /* Player.swift in Sources */,
				6EDD622F1B38456C004A5726 /* GlimS.swift in Sources */,
				6EC8BEB81B0D215000F38728 /* Home.swift in Sources */,
				6EC8BF051B0D218F00F38728 /* KPAnnotation.m in Sources */,
				6EC8BF0A1B0D218F00F38728 /* NSArray+KP.m in Sources */,
				6E0528D21B1653C400C50C5C /* Comments.swift in Sources */,
				6EC8BEFC1B0D218F00F38728 /* JPSThumnail.m in Sources */,
				6EC8BEC41B0D215000F38728 /* SignupVC.swift in Sources */,
				6EF2338B1B71321C0083C754 /* Reporter.swift in Sources */,
				6EE932281B3F2E3E00E52F63 /* CommentsNotif.swift in Sources */,
				6EC8BEC31B0D215000F38728 /* Getter.swift in Sources */,
				6EC8BEC01B0D215000F38728 /* GlimpView.swift in Sources */,
				6ED1F73A1B47F6DA00B2A4B3 /* ProgressHUD.swift in Sources */,
				6EC8BF061B0D218F00F38728 /* KPAnnotationTree.m in Sources */,
				6EC8BF071B0D218F00F38728 /* KPClusteringController.m in Sources */,
				6E5990041B1BA26D001D4016 /* LocationCollectionViewController.swift in Sources */,
				6EC8BF091B0D218F00F38728 /* MKMapView+ZoomLevel.m in Sources */,
				6EC8BEB61B0D215000F38728 /* AppDelegate.swift in Sources */,
				6ECF7D7A1B48931A002A37C6 /* SwiftyTimer.swift in Sources */,
				6EC8BEC61B0D215000F38728 /* TestAnnotation.swift in Sources */,
				6E7F10AE1B3F724D00E27E27 /* ForgetMyPassword.swift in Sources */,
				6E0912071B6D5A1000333A9A /* Hashtag.swift in Sources */,
				6E3480981B347D09003F0D6A /* UIImageView+AFNetworking.m in Sources */,
				6EC8BEFA1B0D218F00F38728 /* JPSThumbnailAnnotation.m in Sources */,
				6E3480961B347D09003F0D6A /* UIAlertView+AFNetworking.m in Sources */,
				6EC8BF011B0D218F00F38728 /* RAMTransitionItemAnimation.swift in Sources */,
				6E34808F1B347D09003F0D6A /* AFURLRequestSerialization.m in Sources */,
				6E7079601B2AF6E2006A2B24 /* Reachability.swift in Sources */,
				6EC8BEFD1B0D218F00F38728 /* RAMBounceAnimation.swift in Sources */,
				6EE9322C1B3F4BF900E52F63 /* SFSwiftNotification.swift in Sources */,
				6ECF7D6A1B4821FF002A37C6 /* utils.swift in Sources */,
				6E34808A1B347D09003F0D6A /* AFHTTPRequestOperationManager.m in Sources */,
				6EC8BF041B0D218F00F38728 /* RAMItemAnimationProtocol.swift in Sources */,
				6EC8BEFB1B0D218F00F38728 /* JPSThumbnailAnnotationView.m in Sources */,
				6ECF7D6E1B4835AA002A37C6 /* PacmanAnimator.swift in Sources */,
				6E3480951B347D09003F0D6A /* UIActivityIndicatorView+AFNetworking.m in Sources */,
				6E34808E1B347D09003F0D6A /* AFURLConnectionOperation.m in Sources */,
				6E3480911B347D09003F0D6A /* AFURLSessionManager.m in Sources */,
				6EE6DEA71B4E9C7F007F121D /* SwiftyJSON.swift in Sources */,
				6E3480891B347D09003F0D6A /* AFHTTPRequestOperation.m in Sources */,
				6E3480941B347D09003F0D6A /* AFNetworkActivityIndicatorManager.m in Sources */,
				6EC8BEB91B0D215000F38728 /* Globe.swift in Sources */,
				6EC8BEBE1B0D215000F38728 /* GlimpPreview.swift in Sources */,
				6E0E21681B279C870095D3A4 /* Settings.swift in Sources */,
				6EC8BEC21B0D215000F38728 /* DataManager.swift in Sources */,
				6EE9322A1B3F2FE400E52F63 /* UserProfileNotif.swift in Sources */,
				6E34808B1B347D09003F0D6A /* AFHTTPSessionManager.m in Sources */,
				6EC8BF081B0D218F00F38728 /* KPGridClusteringAlgorithm.m in Sources */,
				6E34809B1B347D09003F0D6A /* UIWebView+AFNetworking.m in Sources */,
				6E34808C1B347D09003F0D6A /* AFNetworkReachabilityManager.m in Sources */,
				6E3480901B347D09003F0D6A /* AFURLResponseSerialization.m in Sources */,
				6EC8BEBD1B0D215000F38728 /* Glimp.swift in Sources */,
				6E6BDA7A1B3E300500BF9FE2 /* Notifications.swift in Sources */,
			);
			runOnlyForDeploymentPostprocessing = 0;
		};
/* End PBXSourcesBuildPhase section */

/* Begin XCBuildConfiguration section */
		6EC8BE8B1B0D213300F38728 /* Debug */ = {
			isa = XCBuildConfiguration;
			buildSettings = {
				ALWAYS_SEARCH_USER_PATHS = NO;
				CLANG_CXX_LANGUAGE_STANDARD = "gnu++0x";
				CLANG_CXX_LIBRARY = "libc++";
				CLANG_ENABLE_MODULES = YES;
				CLANG_ENABLE_OBJC_ARC = YES;
				CLANG_WARN_BOOL_CONVERSION = YES;
				CLANG_WARN_CONSTANT_CONVERSION = YES;
				CLANG_WARN_DIRECT_OBJC_ISA_USAGE = YES_ERROR;
				CLANG_WARN_EMPTY_BODY = YES;
				CLANG_WARN_ENUM_CONVERSION = YES;
				CLANG_WARN_INT_CONVERSION = YES;
				CLANG_WARN_OBJC_ROOT_CLASS = YES_ERROR;
				CLANG_WARN_UNREACHABLE_CODE = YES;
				CLANG_WARN__DUPLICATE_METHOD_MATCH = YES;
				CODE_SIGN_IDENTITY = "iPhone Developer: Ahmed Nassar (5429P34657)";
				"CODE_SIGN_IDENTITY[sdk=iphoneos*]" = "iPhone Developer: Ahmed Nassar (5429P34657)";
				COPY_PHASE_STRIP = NO;
				DEBUG_INFORMATION_FORMAT = "dwarf-with-dsym";
				ENABLE_STRICT_OBJC_MSGSEND = YES;
				GCC_C_LANGUAGE_STANDARD = gnu99;
				GCC_DYNAMIC_NO_PIC = NO;
				GCC_NO_COMMON_BLOCKS = YES;
				GCC_OPTIMIZATION_LEVEL = 0;
				GCC_PREPROCESSOR_DEFINITIONS = (
					"DEBUG=1",
					"$(inherited)",
				);
				GCC_SYMBOLS_PRIVATE_EXTERN = NO;
				GCC_WARN_64_TO_32_BIT_CONVERSION = YES;
				GCC_WARN_ABOUT_RETURN_TYPE = YES_ERROR;
				GCC_WARN_UNDECLARED_SELECTOR = YES;
				GCC_WARN_UNINITIALIZED_AUTOS = YES_AGGRESSIVE;
				GCC_WARN_UNUSED_FUNCTION = YES;
				GCC_WARN_UNUSED_VARIABLE = YES;
				IPHONEOS_DEPLOYMENT_TARGET = 8.0;
				MTL_ENABLE_DEBUG_INFO = YES;
				ONLY_ACTIVE_ARCH = YES;
				PROVISIONING_PROFILE = "";
				SDKROOT = iphoneos;
				SWIFT_OPTIMIZATION_LEVEL = "-Onone";
				TARGETED_DEVICE_FAMILY = "1,2";
			};
			name = Debug;
		};
		6EC8BE8C1B0D213300F38728 /* Release */ = {
			isa = XCBuildConfiguration;
			buildSettings = {
				ALWAYS_SEARCH_USER_PATHS = NO;
				CLANG_CXX_LANGUAGE_STANDARD = "gnu++0x";
				CLANG_CXX_LIBRARY = "libc++";
				CLANG_ENABLE_MODULES = YES;
				CLANG_ENABLE_OBJC_ARC = YES;
				CLANG_WARN_BOOL_CONVERSION = YES;
				CLANG_WARN_CONSTANT_CONVERSION = YES;
				CLANG_WARN_DIRECT_OBJC_ISA_USAGE = YES_ERROR;
				CLANG_WARN_EMPTY_BODY = YES;
				CLANG_WARN_ENUM_CONVERSION = YES;
				CLANG_WARN_INT_CONVERSION = YES;
				CLANG_WARN_OBJC_ROOT_CLASS = YES_ERROR;
				CLANG_WARN_UNREACHABLE_CODE = YES;
				CLANG_WARN__DUPLICATE_METHOD_MATCH = YES;
				CODE_SIGN_IDENTITY = "iPhone Developer: Ahmed Nassar (5429P34657)";
				"CODE_SIGN_IDENTITY[sdk=iphoneos*]" = "iPhone Developer";
				COPY_PHASE_STRIP = NO;
				DEBUG_INFORMATION_FORMAT = "dwarf-with-dsym";
				ENABLE_NS_ASSERTIONS = NO;
				ENABLE_STRICT_OBJC_MSGSEND = YES;
				GCC_C_LANGUAGE_STANDARD = gnu99;
				GCC_NO_COMMON_BLOCKS = YES;
				GCC_WARN_64_TO_32_BIT_CONVERSION = YES;
				GCC_WARN_ABOUT_RETURN_TYPE = YES_ERROR;
				GCC_WARN_UNDECLARED_SELECTOR = YES;
				GCC_WARN_UNINITIALIZED_AUTOS = YES_AGGRESSIVE;
				GCC_WARN_UNUSED_FUNCTION = YES;
				GCC_WARN_UNUSED_VARIABLE = YES;
				IPHONEOS_DEPLOYMENT_TARGET = 8.0;
				MTL_ENABLE_DEBUG_INFO = NO;
				PROVISIONING_PROFILE = "";
				SDKROOT = iphoneos;
				TARGETED_DEVICE_FAMILY = "1,2";
				VALIDATE_PRODUCT = YES;
			};
			name = Release;
		};
		6EC8BE8E1B0D213300F38728 /* Debug */ = {
			isa = XCBuildConfiguration;
			baseConfigurationReference = 009E1EC5BCD743793E4C63A8 /* Pods-Glimp.debug.xcconfig */;
			buildSettings = {
				ASSETCATALOG_COMPILER_APPICON_NAME = AppIcon;
				CLANG_ENABLE_MODULES = YES;
				CODE_SIGN_IDENTITY = "iPhone Developer";
				"CODE_SIGN_IDENTITY[sdk=iphoneos*]" = "iPhone Developer";
				FRAMEWORK_SEARCH_PATHS = (
					"$(inherited)",
					"$(PROJECT_DIR)/build/Debug-iphoneos/Pods-Glimp",
					"$(PROJECT_DIR)/build/Debug-iphoneos",
					"$(PROJECT_DIR)/Glimp",
				);
				INFOPLIST_FILE = Glimp/Info.plist;
				IPHONEOS_DEPLOYMENT_TARGET = 8.0;
				LD_RUNPATH_SEARCH_PATHS = "$(inherited) @executable_path/Frameworks";
				PRODUCT_NAME = "$(TARGET_NAME)";
				PROVISIONING_PROFILE = "";
				SDKROOT = iphoneos;
				SWIFT_OBJC_BRIDGING_HEADER = GLIMP/Bridging_Header.h;
				SWIFT_OPTIMIZATION_LEVEL = "-Onone";
				TARGETED_DEVICE_FAMILY = 1;
			};
			name = Debug;
		};
		6EC8BE8F1B0D213300F38728 /* Release */ = {
			isa = XCBuildConfiguration;
			baseConfigurationReference = FAC89E911EA7B3C2B3C980BB /* Pods-Glimp.release.xcconfig */;
			buildSettings = {
				ASSETCATALOG_COMPILER_APPICON_NAME = AppIcon;
				CLANG_ENABLE_MODULES = YES;
				CODE_SIGN_IDENTITY = "iPhone Developer";
				"CODE_SIGN_IDENTITY[sdk=iphoneos*]" = "iPhone Developer";
				FRAMEWORK_SEARCH_PATHS = (
					"$(inherited)",
					"$(PROJECT_DIR)/build/Debug-iphoneos/Pods-Glimp",
					"$(PROJECT_DIR)/build/Debug-iphoneos",
					"$(PROJECT_DIR)/Glimp",
				);
				INFOPLIST_FILE = Glimp/Info.plist;
				IPHONEOS_DEPLOYMENT_TARGET = 8.0;
				LD_RUNPATH_SEARCH_PATHS = "$(inherited) @executable_path/Frameworks";
				PRODUCT_NAME = "$(TARGET_NAME)";
				PROVISIONING_PROFILE = "";
				SDKROOT = iphoneos;
				SWIFT_OBJC_BRIDGING_HEADER = GLIMP/Bridging_Header.h;
				TARGETED_DEVICE_FAMILY = 1;
			};
			name = Release;
		};
/* End XCBuildConfiguration section */

/* Begin XCConfigurationList section */
		6EC8BE671B0D213300F38728 /* Build configuration list for PBXProject "Glimp" */ = {
			isa = XCConfigurationList;
			buildConfigurations = (
				6EC8BE8B1B0D213300F38728 /* Debug */,
				6EC8BE8C1B0D213300F38728 /* Release */,
			);
			defaultConfigurationIsVisible = 0;
			defaultConfigurationName = Release;
		};
		6EC8BE8D1B0D213300F38728 /* Build configuration list for PBXNativeTarget "Glimp" */ = {
			isa = XCConfigurationList;
			buildConfigurations = (
				6EC8BE8E1B0D213300F38728 /* Debug */,
				6EC8BE8F1B0D213300F38728 /* Release */,
			);
			defaultConfigurationIsVisible = 0;
			defaultConfigurationName = Release;
		};
/* End XCConfigurationList section */
	};
	rootObject = 6EC8BE641B0D213300F38728 /* Project object */;
}
